// !$*UTF8*$!
{
	archiveVersion = 1;
	classes = {
	};
	objectVersion = 56;
	objects = {

/* Begin PBXBuildFile section */
		5207C9132CB3C16800BB27A6 /* FetchScheduleMock.swift in Sources */ = {isa = PBXBuildFile; fileRef = 5207C9122CB3C16800BB27A6 /* FetchScheduleMock.swift */; };
		5207C9152CB3C21800BB27A6 /* FetchSchedule.swift in Sources */ = {isa = PBXBuildFile; fileRef = 5207C9142CB3C21800BB27A6 /* FetchSchedule.swift */; };
		520805172C69E0770015F6E0 /* LoginViewController.swift in Sources */ = {isa = PBXBuildFile; fileRef = 520805162C69E0770015F6E0 /* LoginViewController.swift */; };
		5208051B2C69E2480015F6E0 /* UIColor+hexCode.swift in Sources */ = {isa = PBXBuildFile; fileRef = 5208051A2C69E2480015F6E0 /* UIColor+hexCode.swift */; };
		5208051D2C69FE700015F6E0 /* ProfileSetupViewController.swift in Sources */ = {isa = PBXBuildFile; fileRef = 5208051C2C69FE700015F6E0 /* ProfileSetupViewController.swift */; };
		5211E8BC2C7C4DAF00EAB613 /* ProfileSetupRepository.swift in Sources */ = {isa = PBXBuildFile; fileRef = 5211E8BB2C7C4DAF00EAB613 /* ProfileSetupRepository.swift */; };
		5211E8BE2C7C515500EAB613 /* ProfileSetup.swift in Sources */ = {isa = PBXBuildFile; fileRef = 5211E8BD2C7C515500EAB613 /* ProfileSetup.swift */; };
		5211F8F62C84234800403980 /* MainTabBarController.swift in Sources */ = {isa = PBXBuildFile; fileRef = 5211F8F52C84234800403980 /* MainTabBarController.swift */; };
		5211F9002C86B37B00403980 /* HomeButton.swift in Sources */ = {isa = PBXBuildFile; fileRef = 5211F8FF2C86B37B00403980 /* HomeButton.swift */; };
		5211F9032C86E41900403980 /* ScheduleListCollectionViewController.swift in Sources */ = {isa = PBXBuildFile; fileRef = 5211F9022C86E41900403980 /* ScheduleListCollectionViewController.swift */; };
		5211F9052C86E71500403980 /* ScheduleListViewReactor.swift in Sources */ = {isa = PBXBuildFile; fileRef = 5211F9042C86E71500403980 /* ScheduleListViewReactor.swift */; };
		5211F9082C86F2DB00403980 /* ScheduleCollectionCell.swift in Sources */ = {isa = PBXBuildFile; fileRef = 5211F9072C86F2DB00403980 /* ScheduleCollectionCell.swift */; };
		5211F90B2C87039F00403980 /* UIViewController+AddChild.swift in Sources */ = {isa = PBXBuildFile; fileRef = 5211F90A2C87039F00403980 /* UIViewController+AddChild.swift */; };
		5211F90D2C87339300403980 /* UICollectionView+Snaping.swift in Sources */ = {isa = PBXBuildFile; fileRef = 5211F90C2C87339300403980 /* UICollectionView+Snaping.swift */; };
		5211F9132C89CEF800403980 /* ParticipantImageView.swift in Sources */ = {isa = PBXBuildFile; fileRef = 5211F9122C89CEF800403980 /* ParticipantImageView.swift */; };
		5211F9152C89D56D00403980 /* UIView+Identifier.swift in Sources */ = {isa = PBXBuildFile; fileRef = 5211F9142C89D56D00403980 /* UIView+Identifier.swift */; };
		5211F91A2C89E39600403980 /* Kingfisher in Frameworks */ = {isa = PBXBuildFile; productRef = 5211F9192C89E39600403980 /* Kingfisher */; };
		523645292C8E522A009E0784 /* IconLabelView.swift in Sources */ = {isa = PBXBuildFile; fileRef = 523645282C8E522A009E0784 /* IconLabelView.swift */; };
		5236452B2C8EC5AD009E0784 /* NavigationBarExtendable.swift in Sources */ = {isa = PBXBuildFile; fileRef = 5236452A2C8EC5AD009E0784 /* NavigationBarExtendable.swift */; };
		5236452D2C8EDCEF009E0784 /* BaseViewController.swift in Sources */ = {isa = PBXBuildFile; fileRef = 5236452C2C8EDCEF009E0784 /* BaseViewController.swift */; };
		523645302C8EE518009E0784 /* BaseEmptyView.swift in Sources */ = {isa = PBXBuildFile; fileRef = 5236452F2C8EE518009E0784 /* BaseEmptyView.swift */; };
		523645332C8FFDEB009E0784 /* FetchGroup.swift in Sources */ = {isa = PBXBuildFile; fileRef = 523645322C8FFDEB009E0784 /* FetchGroup.swift */; };
		523645352C8FFE5B009E0784 /* Schedule.swift in Sources */ = {isa = PBXBuildFile; fileRef = 523645342C8FFE5B009E0784 /* Schedule.swift */; };
		523645372C8FFE9F009E0784 /* FetchRecentScheduleMock.swift in Sources */ = {isa = PBXBuildFile; fileRef = 523645362C8FFE9F009E0784 /* FetchRecentScheduleMock.swift */; };
		523645392C8FFF9F009E0784 /* FetchGroupListMock.swift in Sources */ = {isa = PBXBuildFile; fileRef = 523645382C8FFF9F009E0784 /* FetchGroupListMock.swift */; };
		5236453C2C900DA3009E0784 /* GroupListTableViewController.swift in Sources */ = {isa = PBXBuildFile; fileRef = 5236453B2C900DA3009E0784 /* GroupListTableViewController.swift */; };
		5236453F2C900E12009E0784 /* GroupListCell.swift in Sources */ = {isa = PBXBuildFile; fileRef = 5236453E2C900E12009E0784 /* GroupListCell.swift */; };
		523645432C901CF7009E0784 /* GroupListViewReactor.swift in Sources */ = {isa = PBXBuildFile; fileRef = 523645422C901CF7009E0784 /* GroupListViewReactor.swift */; };
		523645492C90B711009E0784 /* UIView+PreView.swift in Sources */ = {isa = PBXBuildFile; fileRef = 523645482C90B711009E0784 /* UIView+PreView.swift */; };
		5236454B2C90B734009E0784 /* UIViewController+PreView.swift in Sources */ = {isa = PBXBuildFile; fileRef = 5236454A2C90B734009E0784 /* UIViewController+PreView.swift */; };
		524A50C92C68735000862AD6 /* MultipartForm in Frameworks */ = {isa = PBXBuildFile; productRef = 524A50C82C68735000862AD6 /* MultipartForm */; };
		524E33CF2C8028B3004B15FC /* Reactive+Ext.swift in Sources */ = {isa = PBXBuildFile; fileRef = 524E33CE2C8028B3004B15FC /* Reactive+Ext.swift */; };
		524E33D12C804C7A004B15FC /* Validator.swift in Sources */ = {isa = PBXBuildFile; fileRef = 524E33D02C804C7A004B15FC /* Validator.swift */; };
		524E33D42C80508C004B15FC /* Alertable.swift in Sources */ = {isa = PBXBuildFile; fileRef = 524E33D32C80508C004B15FC /* Alertable.swift */; };
		524E33DB2C80C1F4004B15FC /* ErrorResponseDTO.swift in Sources */ = {isa = PBXBuildFile; fileRef = 524E33DA2C80C1F4004B15FC /* ErrorResponseDTO.swift */; };
		5259B0082C9C0E33006B2711 /* DatePickViewController.swift in Sources */ = {isa = PBXBuildFile; fileRef = 5259B0072C9C0E33006B2711 /* DatePickViewController.swift */; };
		5259B00A2C9C5C81006B2711 /* CustomNavigationBar.swift in Sources */ = {isa = PBXBuildFile; fileRef = 5259B0092C9C5C81006B2711 /* CustomNavigationBar.swift */; };
		5259B00D2C9FD316006B2711 /* ScheduleTableViewController.swift in Sources */ = {isa = PBXBuildFile; fileRef = 5259B00C2C9FD316006B2711 /* ScheduleTableViewController.swift */; };
		5259B0142C9FF32F006B2711 /* ThumbnailView.swift in Sources */ = {isa = PBXBuildFile; fileRef = 5259B0132C9FF32F006B2711 /* ThumbnailView.swift */; };
		5259B0162CA013A8006B2711 /* WeatherView.swift in Sources */ = {isa = PBXBuildFile; fileRef = 5259B0152CA013A8006B2711 /* WeatherView.swift */; };
		5259B0182CA028C2006B2711 /* ScheduleView.swift in Sources */ = {isa = PBXBuildFile; fileRef = 5259B0172CA028C2006B2711 /* ScheduleView.swift */; };
		5259B01D2CA038AA006B2711 /* ScheduleTableViewCell.swift in Sources */ = {isa = PBXBuildFile; fileRef = 5259B01C2CA038AA006B2711 /* ScheduleTableViewCell.swift */; };
		5259B01F2CA03F96006B2711 /* CalendarViewReactor.swift in Sources */ = {isa = PBXBuildFile; fileRef = 5259B01E2CA03F96006B2711 /* CalendarViewReactor.swift */; };
		525AA90C2C915C6D0087913F /* FSCalendar in Frameworks */ = {isa = PBXBuildFile; productRef = 525AA90B2C915C6D0087913F /* FSCalendar */; };
		526F45012C96000100C347C7 /* UIView+BounceAnimate.swift in Sources */ = {isa = PBXBuildFile; fileRef = 526F45002C96000100C347C7 /* UIView+BounceAnimate.swift */; };
		526FA3C72C65DE5800D2F2B5 /* KeyboardEvent.swift in Sources */ = {isa = PBXBuildFile; fileRef = 526FA3C62C65DE5800D2F2B5 /* KeyboardEvent.swift */; };
		526FA3C92C65DE8500D2F2B5 /* Response+Ext.swift in Sources */ = {isa = PBXBuildFile; fileRef = 526FA3C82C65DE8500D2F2B5 /* Response+Ext.swift */; };
		527A3E682C82C905007FE63B /* ProfileSetupMock.swift in Sources */ = {isa = PBXBuildFile; fileRef = 527A3E672C82C905007FE63B /* ProfileSetupMock.swift */; };
		527A3E6A2C82C965007FE63B /* UserToken.swift in Sources */ = {isa = PBXBuildFile; fileRef = 527A3E692C82C965007FE63B /* UserToken.swift */; };
		527A3E6C2C82CA8F007FE63B /* UserLoginUseCaseMock.swift in Sources */ = {isa = PBXBuildFile; fileRef = 527A3E6B2C82CA8F007FE63B /* UserLoginUseCaseMock.swift */; };
		527A3E722C8302AA007FE63B /* FetchRecentSchedule.swift in Sources */ = {isa = PBXBuildFile; fileRef = 527A3E712C8302AA007FE63B /* FetchRecentSchedule.swift */; };
		527A3E762C8324CE007FE63B /* HomeCoordinator.swift in Sources */ = {isa = PBXBuildFile; fileRef = 527A3E752C8324CE007FE63B /* HomeCoordinator.swift */; };
		527A3E792C834A12007FE63B /* TabBarCoordinator.swift in Sources */ = {isa = PBXBuildFile; fileRef = 527A3E782C834A12007FE63B /* TabBarCoordinator.swift */; };
		527A3E7B2C834BAD007FE63B /* GroupListCoordinator.swift in Sources */ = {isa = PBXBuildFile; fileRef = 527A3E7A2C834BAD007FE63B /* GroupListCoordinator.swift */; };
		527A3E7D2C834BC1007FE63B /* CalendarCoordinator.swift in Sources */ = {isa = PBXBuildFile; fileRef = 527A3E7C2C834BC1007FE63B /* CalendarCoordinator.swift */; };
		527A3E7F2C834BEE007FE63B /* ProfileCoordinator.swift in Sources */ = {isa = PBXBuildFile; fileRef = 527A3E7E2C834BEE007FE63B /* ProfileCoordinator.swift */; };
		527A3E892C834E10007FE63B /* KeyChainServiceMock.swift in Sources */ = {isa = PBXBuildFile; fileRef = 527A3E882C834E10007FE63B /* KeyChainServiceMock.swift */; };
		527A3E8B2C83610F007FE63B /* HomeSceneDIContainer.swift in Sources */ = {isa = PBXBuildFile; fileRef = 527A3E8A2C83610F007FE63B /* HomeSceneDIContainer.swift */; };
		527A3E8F2C836192007FE63B /* HomeViewController.swift in Sources */ = {isa = PBXBuildFile; fileRef = 527A3E8E2C836192007FE63B /* HomeViewController.swift */; };
		527A3E972C83627C007FE63B /* GroupListViewController.swift in Sources */ = {isa = PBXBuildFile; fileRef = 527A3E962C83627C007FE63B /* GroupListViewController.swift */; };
		527A3E992C836287007FE63B /* CalendarScheduleViewController.swift in Sources */ = {isa = PBXBuildFile; fileRef = 527A3E982C836287007FE63B /* CalendarScheduleViewController.swift */; };
		527A3E9B2C836290007FE63B /* ProfileViewController.swift in Sources */ = {isa = PBXBuildFile; fileRef = 527A3E9A2C836290007FE63B /* ProfileViewController.swift */; };
		527A3E9D2C83641F007FE63B /* GroupListSceneDIContainer.swift in Sources */ = {isa = PBXBuildFile; fileRef = 527A3E9C2C83641F007FE63B /* GroupListSceneDIContainer.swift */; };
		527A3E9F2C83642C007FE63B /* CalendarSceneDIContainer.swift in Sources */ = {isa = PBXBuildFile; fileRef = 527A3E9E2C83642C007FE63B /* CalendarSceneDIContainer.swift */; };
		527A3EA12C836435007FE63B /* ProfileSceneDIContainer.swift in Sources */ = {isa = PBXBuildFile; fileRef = 527A3EA02C836435007FE63B /* ProfileSceneDIContainer.swift */; };
		527A3EA52C837034007FE63B /* MainSceneDIContainer.swift in Sources */ = {isa = PBXBuildFile; fileRef = 527A3EA42C837034007FE63B /* MainSceneDIContainer.swift */; };
		527A3EA92C837B29007FE63B /* AppAppearance.swift in Sources */ = {isa = PBXBuildFile; fileRef = 527A3EA82C837B29007FE63B /* AppAppearance.swift */; };
		528484162C6B86F600D50C6A /* BaseButton.swift in Sources */ = {isa = PBXBuildFile; fileRef = 528484152C6B86F600D50C6A /* BaseButton.swift */; };
		528484182C6B8CA100D50C6A /* AppDesign.swift in Sources */ = {isa = PBXBuildFile; fileRef = 528484172C6B8CA100D50C6A /* AppDesign.swift */; };
		5286C4D92C536BE50083F432 /* KeyChainService.swift in Sources */ = {isa = PBXBuildFile; fileRef = 5286C4D82C536BE50083F432 /* KeyChainService.swift */; };
		528D27C72C79F6B800178F14 /* PhotoManager.swift in Sources */ = {isa = PBXBuildFile; fileRef = 528D27C62C79F6B800178F14 /* PhotoManager.swift */; };
		528D27CD2C7B2D6F00178F14 /* ProfileSetupViewReactor.swift in Sources */ = {isa = PBXBuildFile; fileRef = 528D27CC2C7B2D6F00178F14 /* ProfileSetupViewReactor.swift */; };
		529A26062C96A781009F4CFA /* ScheduleListReuseFooterView.swift in Sources */ = {isa = PBXBuildFile; fileRef = 529A26052C96A781009F4CFA /* ScheduleListReuseFooterView.swift */; };
		529A260A2C96AE3E009F4CFA /* Differentiator in Frameworks */ = {isa = PBXBuildFile; productRef = 529A26092C96AE3E009F4CFA /* Differentiator */; };
		529A260C2C96AE3E009F4CFA /* RxDataSources in Frameworks */ = {isa = PBXBuildFile; productRef = 529A260B2C96AE3E009F4CFA /* RxDataSources */; };
		52B6F63B2C77655200DA2D75 /* LoginRepository.swift in Sources */ = {isa = PBXBuildFile; fileRef = 52B6F63A2C77655200DA2D75 /* LoginRepository.swift */; };
		52B6F63F2C77677700DA2D75 /* APIEndpoints.swift in Sources */ = {isa = PBXBuildFile; fileRef = 52B6F63E2C77677700DA2D75 /* APIEndpoints.swift */; };
		52B87E302C6B2A460026B601 /* Pretendard-Light.ttf in Resources */ = {isa = PBXBuildFile; fileRef = 52B87E272C6B2A450026B601 /* Pretendard-Light.ttf */; };
		52B87E312C6B2A460026B601 /* Pretendard-ExtraBold.ttf in Resources */ = {isa = PBXBuildFile; fileRef = 52B87E282C6B2A450026B601 /* Pretendard-ExtraBold.ttf */; };
		52B87E322C6B2A460026B601 /* Pretendard-ExtraLight.ttf in Resources */ = {isa = PBXBuildFile; fileRef = 52B87E292C6B2A450026B601 /* Pretendard-ExtraLight.ttf */; };
		52B87E332C6B2A460026B601 /* Pretendard-Regular.ttf in Resources */ = {isa = PBXBuildFile; fileRef = 52B87E2A2C6B2A450026B601 /* Pretendard-Regular.ttf */; };
		52B87E342C6B2A460026B601 /* Pretendard-Bold.ttf in Resources */ = {isa = PBXBuildFile; fileRef = 52B87E2B2C6B2A450026B601 /* Pretendard-Bold.ttf */; };
		52B87E352C6B2A460026B601 /* Pretendard-Black.ttf in Resources */ = {isa = PBXBuildFile; fileRef = 52B87E2C2C6B2A450026B601 /* Pretendard-Black.ttf */; };
		52B87E362C6B2A460026B601 /* Pretendard-SemiBold.ttf in Resources */ = {isa = PBXBuildFile; fileRef = 52B87E2D2C6B2A450026B601 /* Pretendard-SemiBold.ttf */; };
		52B87E372C6B2A460026B601 /* Pretendard-Thin.ttf in Resources */ = {isa = PBXBuildFile; fileRef = 52B87E2E2C6B2A450026B601 /* Pretendard-Thin.ttf */; };
		52B87E382C6B2A460026B601 /* Pretendard-Medium.ttf in Resources */ = {isa = PBXBuildFile; fileRef = 52B87E2F2C6B2A450026B601 /* Pretendard-Medium.ttf */; };
		52B87E3A2C6B2D440026B601 /* UIFont+CustomFont.swift in Sources */ = {isa = PBXBuildFile; fileRef = 52B87E392C6B2D440026B601 /* UIFont+CustomFont.swift */; };
		52C0F8BC2C9479C40080CA65 /* CustomCalendarCell.swift in Sources */ = {isa = PBXBuildFile; fileRef = 52C0F8BB2C9479C40080CA65 /* CustomCalendarCell.swift */; };
		52C0F8BF2C9489DB0080CA65 /* CalendarViewController.swift in Sources */ = {isa = PBXBuildFile; fileRef = 52C0F8BE2C9489DB0080CA65 /* CalendarViewController.swift */; };
		52C6521E2CA705BB0041E78C /* EmptyScheduleCell.swift in Sources */ = {isa = PBXBuildFile; fileRef = 52C6521D2CA705BB0041E78C /* EmptyScheduleCell.swift */; };
		52C72E8A2C4FBD6400CFF329 /* AppDelegate.swift in Sources */ = {isa = PBXBuildFile; fileRef = 52C72E892C4FBD6400CFF329 /* AppDelegate.swift */; };
		52C72E8C2C4FBD6400CFF329 /* SceneDelegate.swift in Sources */ = {isa = PBXBuildFile; fileRef = 52C72E8B2C4FBD6400CFF329 /* SceneDelegate.swift */; };
		52C72E932C4FBD6500CFF329 /* Assets.xcassets in Resources */ = {isa = PBXBuildFile; fileRef = 52C72E922C4FBD6500CFF329 /* Assets.xcassets */; };
		52C72E962C4FBD6500CFF329 /* Base in Resources */ = {isa = PBXBuildFile; fileRef = 52C72E952C4FBD6500CFF329 /* Base */; };
		52C72E9F2C4FBE4100CFF329 /* RxCocoa in Frameworks */ = {isa = PBXBuildFile; productRef = 52C72E9E2C4FBE4100CFF329 /* RxCocoa */; };
		52C72EA12C4FBE4100CFF329 /* RxRelay in Frameworks */ = {isa = PBXBuildFile; productRef = 52C72EA02C4FBE4100CFF329 /* RxRelay */; };
		52C72EA32C4FBE4100CFF329 /* RxSwift in Frameworks */ = {isa = PBXBuildFile; productRef = 52C72EA22C4FBE4100CFF329 /* RxSwift */; };
		52C72EA62C4FBE5900CFF329 /* SnapKit in Frameworks */ = {isa = PBXBuildFile; productRef = 52C72EA52C4FBE5900CFF329 /* SnapKit */; };
		52C7A4A82CAED102009DB5B9 /* CALayer+Ext.swift in Sources */ = {isa = PBXBuildFile; fileRef = 52C7A4A72CAED102009DB5B9 /* CALayer+Ext.swift */; };
		52CB0B422C72AD23002B6D20 /* AppConfiguration.swift in Sources */ = {isa = PBXBuildFile; fileRef = 52CB0B412C72AD23002B6D20 /* AppConfiguration.swift */; };
		52CB0B452C730816002B6D20 /* NetworkConfig.swift in Sources */ = {isa = PBXBuildFile; fileRef = 52CB0B442C730816002B6D20 /* NetworkConfig.swift */; };
		52CB0B472C7308A8002B6D20 /* Endpoint.swift in Sources */ = {isa = PBXBuildFile; fileRef = 52CB0B462C7308A8002B6D20 /* Endpoint.swift */; };
		52CB0B492C732186002B6D20 /* DataTransferService.swift in Sources */ = {isa = PBXBuildFile; fileRef = 52CB0B482C732186002B6D20 /* DataTransferService.swift */; };
		52CB0B4B2C7321A7002B6D20 /* NetworkService.swift in Sources */ = {isa = PBXBuildFile; fileRef = 52CB0B4A2C7321A7002B6D20 /* NetworkService.swift */; };
		52CB41DE2CA2EC2B0071679D /* ScheduleTableSectionModel.swift in Sources */ = {isa = PBXBuildFile; fileRef = 52CB41DD2CA2EC2B0071679D /* ScheduleTableSectionModel.swift */; };
		52CB41E22CA2F2910071679D /* DateManager.swift in Sources */ = {isa = PBXBuildFile; fileRef = 52CB41E12CA2F2910071679D /* DateManager.swift */; };
		52E2381F2C7405820066C9A3 /* BaseLabel.swift in Sources */ = {isa = PBXBuildFile; fileRef = 52E2381E2C7405820066C9A3 /* BaseLabel.swift */; };
		52E238212C743C0E0066C9A3 /* BaseTextField.swift in Sources */ = {isa = PBXBuildFile; fileRef = 52E238202C743C0E0066C9A3 /* BaseTextField.swift */; };
		52E238252C7454230066C9A3 /* UserProfile.swift in Sources */ = {isa = PBXBuildFile; fileRef = 52E238242C7454230066C9A3 /* UserProfile.swift */; };
		52E2382B2C7457DB0066C9A3 /* AppDIContainer.swift in Sources */ = {isa = PBXBuildFile; fileRef = 52E2382A2C7457DB0066C9A3 /* AppDIContainer.swift */; };
		52E2382D2C745E960066C9A3 /* LoginSceneDIContainer.swift in Sources */ = {isa = PBXBuildFile; fileRef = 52E2382C2C745E960066C9A3 /* LoginSceneDIContainer.swift */; };
		52E2382F2C74601D0066C9A3 /* AppleLoginService.swift in Sources */ = {isa = PBXBuildFile; fileRef = 52E2382E2C74601D0066C9A3 /* AppleLoginService.swift */; };
		52E238322C74BFB00066C9A3 /* UserLogin.swift in Sources */ = {isa = PBXBuildFile; fileRef = 52E238312C74BFB00066C9A3 /* UserLogin.swift */; };
		52E238372C76530D0066C9A3 /* LoginViewReacotr.swift in Sources */ = {isa = PBXBuildFile; fileRef = 52E238362C76530D0066C9A3 /* LoginViewReacotr.swift */; };
		52E2383A2C765A2D0066C9A3 /* ReactorKit in Frameworks */ = {isa = PBXBuildFile; productRef = 52E238392C765A2D0066C9A3 /* ReactorKit */; };
		52E2383C2C76E7DE0066C9A3 /* BaseCoordinator.swift in Sources */ = {isa = PBXBuildFile; fileRef = 52E2383B2C76E7DE0066C9A3 /* BaseCoordinator.swift */; };
		52E2383F2C76E8C00066C9A3 /* LoginCoordinator.swift in Sources */ = {isa = PBXBuildFile; fileRef = 52E2383E2C76E8C00066C9A3 /* LoginCoordinator.swift */; };
		52E238432C76E9B00066C9A3 /* AppFlowCoordinator.swift in Sources */ = {isa = PBXBuildFile; fileRef = 52E238422C76E9B00066C9A3 /* AppFlowCoordinator.swift */; };
		52E238482C7733320066C9A3 /* GroupRepository.swift in Sources */ = {isa = PBXBuildFile; fileRef = 52E238472C7733320066C9A3 /* GroupRepository.swift */; };
		52E8E4502CA3F2AA007A5447 /* ObservableType+Pairwise.swift in Sources */ = {isa = PBXBuildFile; fileRef = 52E8E44F2CA3F2AA007A5447 /* ObservableType+Pairwise.swift */; };
		52E8E4522CA44D4E007A5447 /* DateComponents+Comparable.swift in Sources */ = {isa = PBXBuildFile; fileRef = 52E8E4512CA44D4E007A5447 /* DateComponents+Comparable.swift */; };
		52E99EE62CA1A5B6007E552C /* SimpleScheduleView.swift in Sources */ = {isa = PBXBuildFile; fileRef = 52E99EE52CA1A5B6007E552C /* SimpleScheduleView.swift */; };
		52E99EE92CA1B3EA007E552C /* SchedulTableHeaderView.swift in Sources */ = {isa = PBXBuildFile; fileRef = 52E99EE82CA1B3EA007E552C /* SchedulTableHeaderView.swift */; };
		52FB36D62CB5E24D008563FF /* BaseLoadingOverlay.swift in Sources */ = {isa = PBXBuildFile; fileRef = 52FB36D52CB5E24D008563FF /* BaseLoadingOverlay.swift */; };
/* End PBXBuildFile section */

/* Begin PBXFileReference section */
		5207C9122CB3C16800BB27A6 /* FetchScheduleMock.swift */ = {isa = PBXFileReference; lastKnownFileType = sourcecode.swift; path = FetchScheduleMock.swift; sourceTree = "<group>"; };
		5207C9142CB3C21800BB27A6 /* FetchSchedule.swift */ = {isa = PBXFileReference; lastKnownFileType = sourcecode.swift; path = FetchSchedule.swift; sourceTree = "<group>"; };
		520805162C69E0770015F6E0 /* LoginViewController.swift */ = {isa = PBXFileReference; lastKnownFileType = sourcecode.swift; path = LoginViewController.swift; sourceTree = "<group>"; };
		5208051A2C69E2480015F6E0 /* UIColor+hexCode.swift */ = {isa = PBXFileReference; lastKnownFileType = sourcecode.swift; path = "UIColor+hexCode.swift"; sourceTree = "<group>"; };
		5208051C2C69FE700015F6E0 /* ProfileSetupViewController.swift */ = {isa = PBXFileReference; lastKnownFileType = sourcecode.swift; path = ProfileSetupViewController.swift; sourceTree = "<group>"; };
		5211E8BB2C7C4DAF00EAB613 /* ProfileSetupRepository.swift */ = {isa = PBXFileReference; lastKnownFileType = sourcecode.swift; path = ProfileSetupRepository.swift; sourceTree = "<group>"; };
		5211E8BD2C7C515500EAB613 /* ProfileSetup.swift */ = {isa = PBXFileReference; lastKnownFileType = sourcecode.swift; path = ProfileSetup.swift; sourceTree = "<group>"; };
		5211F8F52C84234800403980 /* MainTabBarController.swift */ = {isa = PBXFileReference; lastKnownFileType = sourcecode.swift; path = MainTabBarController.swift; sourceTree = "<group>"; };
		5211F8FF2C86B37B00403980 /* HomeButton.swift */ = {isa = PBXFileReference; lastKnownFileType = sourcecode.swift; path = HomeButton.swift; sourceTree = "<group>"; };
		5211F9022C86E41900403980 /* ScheduleListCollectionViewController.swift */ = {isa = PBXFileReference; lastKnownFileType = sourcecode.swift; path = ScheduleListCollectionViewController.swift; sourceTree = "<group>"; };
		5211F9042C86E71500403980 /* ScheduleListViewReactor.swift */ = {isa = PBXFileReference; lastKnownFileType = sourcecode.swift; path = ScheduleListViewReactor.swift; sourceTree = "<group>"; };
		5211F9072C86F2DB00403980 /* ScheduleCollectionCell.swift */ = {isa = PBXFileReference; lastKnownFileType = sourcecode.swift; path = ScheduleCollectionCell.swift; sourceTree = "<group>"; };
		5211F90A2C87039F00403980 /* UIViewController+AddChild.swift */ = {isa = PBXFileReference; lastKnownFileType = sourcecode.swift; path = "UIViewController+AddChild.swift"; sourceTree = "<group>"; };
		5211F90C2C87339300403980 /* UICollectionView+Snaping.swift */ = {isa = PBXFileReference; lastKnownFileType = sourcecode.swift; path = "UICollectionView+Snaping.swift"; sourceTree = "<group>"; };
		5211F9122C89CEF800403980 /* ParticipantImageView.swift */ = {isa = PBXFileReference; lastKnownFileType = sourcecode.swift; path = ParticipantImageView.swift; sourceTree = "<group>"; };
		5211F9142C89D56D00403980 /* UIView+Identifier.swift */ = {isa = PBXFileReference; lastKnownFileType = sourcecode.swift; path = "UIView+Identifier.swift"; sourceTree = "<group>"; };
		523645282C8E522A009E0784 /* IconLabelView.swift */ = {isa = PBXFileReference; lastKnownFileType = sourcecode.swift; path = IconLabelView.swift; sourceTree = "<group>"; };
		5236452A2C8EC5AD009E0784 /* NavigationBarExtendable.swift */ = {isa = PBXFileReference; lastKnownFileType = sourcecode.swift; path = NavigationBarExtendable.swift; sourceTree = "<group>"; };
		5236452C2C8EDCEF009E0784 /* BaseViewController.swift */ = {isa = PBXFileReference; lastKnownFileType = sourcecode.swift; path = BaseViewController.swift; sourceTree = "<group>"; };
		5236452F2C8EE518009E0784 /* BaseEmptyView.swift */ = {isa = PBXFileReference; lastKnownFileType = sourcecode.swift; path = BaseEmptyView.swift; sourceTree = "<group>"; };
		523645322C8FFDEB009E0784 /* FetchGroup.swift */ = {isa = PBXFileReference; lastKnownFileType = sourcecode.swift; path = FetchGroup.swift; sourceTree = "<group>"; };
		523645342C8FFE5B009E0784 /* Schedule.swift */ = {isa = PBXFileReference; lastKnownFileType = sourcecode.swift; path = Schedule.swift; sourceTree = "<group>"; };
		523645362C8FFE9F009E0784 /* FetchRecentScheduleMock.swift */ = {isa = PBXFileReference; lastKnownFileType = sourcecode.swift; path = FetchRecentScheduleMock.swift; sourceTree = "<group>"; };
		523645382C8FFF9F009E0784 /* FetchGroupListMock.swift */ = {isa = PBXFileReference; lastKnownFileType = sourcecode.swift; path = FetchGroupListMock.swift; sourceTree = "<group>"; };
		5236453B2C900DA3009E0784 /* GroupListTableViewController.swift */ = {isa = PBXFileReference; lastKnownFileType = sourcecode.swift; path = GroupListTableViewController.swift; sourceTree = "<group>"; };
		5236453E2C900E12009E0784 /* GroupListCell.swift */ = {isa = PBXFileReference; lastKnownFileType = sourcecode.swift; path = GroupListCell.swift; sourceTree = "<group>"; };
		523645422C901CF7009E0784 /* GroupListViewReactor.swift */ = {isa = PBXFileReference; lastKnownFileType = sourcecode.swift; path = GroupListViewReactor.swift; sourceTree = "<group>"; };
		523645482C90B711009E0784 /* UIView+PreView.swift */ = {isa = PBXFileReference; lastKnownFileType = sourcecode.swift; path = "UIView+PreView.swift"; sourceTree = "<group>"; };
		5236454A2C90B734009E0784 /* UIViewController+PreView.swift */ = {isa = PBXFileReference; lastKnownFileType = sourcecode.swift; path = "UIViewController+PreView.swift"; sourceTree = "<group>"; };
		524E33CE2C8028B3004B15FC /* Reactive+Ext.swift */ = {isa = PBXFileReference; lastKnownFileType = sourcecode.swift; path = "Reactive+Ext.swift"; sourceTree = "<group>"; };
		524E33D02C804C7A004B15FC /* Validator.swift */ = {isa = PBXFileReference; lastKnownFileType = sourcecode.swift; path = Validator.swift; sourceTree = "<group>"; };
		524E33D32C80508C004B15FC /* Alertable.swift */ = {isa = PBXFileReference; lastKnownFileType = sourcecode.swift; path = Alertable.swift; sourceTree = "<group>"; };
		524E33DA2C80C1F4004B15FC /* ErrorResponseDTO.swift */ = {isa = PBXFileReference; lastKnownFileType = sourcecode.swift; path = ErrorResponseDTO.swift; sourceTree = "<group>"; };
		5259B0072C9C0E33006B2711 /* DatePickViewController.swift */ = {isa = PBXFileReference; lastKnownFileType = sourcecode.swift; path = DatePickViewController.swift; sourceTree = "<group>"; };
		5259B0092C9C5C81006B2711 /* CustomNavigationBar.swift */ = {isa = PBXFileReference; lastKnownFileType = sourcecode.swift; path = CustomNavigationBar.swift; sourceTree = "<group>"; };
		5259B00C2C9FD316006B2711 /* ScheduleTableViewController.swift */ = {isa = PBXFileReference; lastKnownFileType = sourcecode.swift; path = ScheduleTableViewController.swift; sourceTree = "<group>"; };
		5259B0132C9FF32F006B2711 /* ThumbnailView.swift */ = {isa = PBXFileReference; lastKnownFileType = sourcecode.swift; path = ThumbnailView.swift; sourceTree = "<group>"; };
		5259B0152CA013A8006B2711 /* WeatherView.swift */ = {isa = PBXFileReference; lastKnownFileType = sourcecode.swift; path = WeatherView.swift; sourceTree = "<group>"; };
		5259B0172CA028C2006B2711 /* ScheduleView.swift */ = {isa = PBXFileReference; lastKnownFileType = sourcecode.swift; path = ScheduleView.swift; sourceTree = "<group>"; };
		5259B01C2CA038AA006B2711 /* ScheduleTableViewCell.swift */ = {isa = PBXFileReference; lastKnownFileType = sourcecode.swift; path = ScheduleTableViewCell.swift; sourceTree = "<group>"; };
		5259B01E2CA03F96006B2711 /* CalendarViewReactor.swift */ = {isa = PBXFileReference; lastKnownFileType = sourcecode.swift; path = CalendarViewReactor.swift; sourceTree = "<group>"; };
		526F45002C96000100C347C7 /* UIView+BounceAnimate.swift */ = {isa = PBXFileReference; lastKnownFileType = sourcecode.swift; path = "UIView+BounceAnimate.swift"; sourceTree = "<group>"; };
		526FA3C62C65DE5800D2F2B5 /* KeyboardEvent.swift */ = {isa = PBXFileReference; lastKnownFileType = sourcecode.swift; path = KeyboardEvent.swift; sourceTree = "<group>"; };
		526FA3C82C65DE8500D2F2B5 /* Response+Ext.swift */ = {isa = PBXFileReference; lastKnownFileType = sourcecode.swift; path = "Response+Ext.swift"; sourceTree = "<group>"; };
		527A3E672C82C905007FE63B /* ProfileSetupMock.swift */ = {isa = PBXFileReference; lastKnownFileType = sourcecode.swift; path = ProfileSetupMock.swift; sourceTree = "<group>"; };
		527A3E692C82C965007FE63B /* UserToken.swift */ = {isa = PBXFileReference; lastKnownFileType = sourcecode.swift; path = UserToken.swift; sourceTree = "<group>"; };
		527A3E6B2C82CA8F007FE63B /* UserLoginUseCaseMock.swift */ = {isa = PBXFileReference; lastKnownFileType = sourcecode.swift; path = UserLoginUseCaseMock.swift; sourceTree = "<group>"; };
		527A3E712C8302AA007FE63B /* FetchRecentSchedule.swift */ = {isa = PBXFileReference; lastKnownFileType = sourcecode.swift; path = FetchRecentSchedule.swift; sourceTree = "<group>"; };
		527A3E752C8324CE007FE63B /* HomeCoordinator.swift */ = {isa = PBXFileReference; lastKnownFileType = sourcecode.swift; path = HomeCoordinator.swift; sourceTree = "<group>"; };
		527A3E782C834A12007FE63B /* TabBarCoordinator.swift */ = {isa = PBXFileReference; lastKnownFileType = sourcecode.swift; path = TabBarCoordinator.swift; sourceTree = "<group>"; };
		527A3E7A2C834BAD007FE63B /* GroupListCoordinator.swift */ = {isa = PBXFileReference; lastKnownFileType = sourcecode.swift; path = GroupListCoordinator.swift; sourceTree = "<group>"; };
		527A3E7C2C834BC1007FE63B /* CalendarCoordinator.swift */ = {isa = PBXFileReference; lastKnownFileType = sourcecode.swift; path = CalendarCoordinator.swift; sourceTree = "<group>"; };
		527A3E7E2C834BEE007FE63B /* ProfileCoordinator.swift */ = {isa = PBXFileReference; lastKnownFileType = sourcecode.swift; path = ProfileCoordinator.swift; sourceTree = "<group>"; };
		527A3E882C834E10007FE63B /* KeyChainServiceMock.swift */ = {isa = PBXFileReference; lastKnownFileType = sourcecode.swift; path = KeyChainServiceMock.swift; sourceTree = "<group>"; };
		527A3E8A2C83610F007FE63B /* HomeSceneDIContainer.swift */ = {isa = PBXFileReference; lastKnownFileType = sourcecode.swift; path = HomeSceneDIContainer.swift; sourceTree = "<group>"; };
		527A3E8E2C836192007FE63B /* HomeViewController.swift */ = {isa = PBXFileReference; lastKnownFileType = sourcecode.swift; path = HomeViewController.swift; sourceTree = "<group>"; };
		527A3E962C83627C007FE63B /* GroupListViewController.swift */ = {isa = PBXFileReference; lastKnownFileType = sourcecode.swift; path = GroupListViewController.swift; sourceTree = "<group>"; };
		527A3E982C836287007FE63B /* CalendarScheduleViewController.swift */ = {isa = PBXFileReference; lastKnownFileType = sourcecode.swift; path = CalendarScheduleViewController.swift; sourceTree = "<group>"; };
		527A3E9A2C836290007FE63B /* ProfileViewController.swift */ = {isa = PBXFileReference; lastKnownFileType = sourcecode.swift; path = ProfileViewController.swift; sourceTree = "<group>"; };
		527A3E9C2C83641F007FE63B /* GroupListSceneDIContainer.swift */ = {isa = PBXFileReference; lastKnownFileType = sourcecode.swift; path = GroupListSceneDIContainer.swift; sourceTree = "<group>"; };
		527A3E9E2C83642C007FE63B /* CalendarSceneDIContainer.swift */ = {isa = PBXFileReference; lastKnownFileType = sourcecode.swift; path = CalendarSceneDIContainer.swift; sourceTree = "<group>"; };
		527A3EA02C836435007FE63B /* ProfileSceneDIContainer.swift */ = {isa = PBXFileReference; lastKnownFileType = sourcecode.swift; path = ProfileSceneDIContainer.swift; sourceTree = "<group>"; };
		527A3EA42C837034007FE63B /* MainSceneDIContainer.swift */ = {isa = PBXFileReference; lastKnownFileType = sourcecode.swift; path = MainSceneDIContainer.swift; sourceTree = "<group>"; };
		527A3EA82C837B29007FE63B /* AppAppearance.swift */ = {isa = PBXFileReference; lastKnownFileType = sourcecode.swift; path = AppAppearance.swift; sourceTree = "<group>"; };
		528484152C6B86F600D50C6A /* BaseButton.swift */ = {isa = PBXFileReference; lastKnownFileType = sourcecode.swift; path = BaseButton.swift; sourceTree = "<group>"; };
		528484172C6B8CA100D50C6A /* AppDesign.swift */ = {isa = PBXFileReference; lastKnownFileType = sourcecode.swift; path = AppDesign.swift; sourceTree = "<group>"; };
		5286C4D82C536BE50083F432 /* KeyChainService.swift */ = {isa = PBXFileReference; lastKnownFileType = sourcecode.swift; path = KeyChainService.swift; sourceTree = "<group>"; };
		528D27C62C79F6B800178F14 /* PhotoManager.swift */ = {isa = PBXFileReference; lastKnownFileType = sourcecode.swift; path = PhotoManager.swift; sourceTree = "<group>"; };
		528D27CC2C7B2D6F00178F14 /* ProfileSetupViewReactor.swift */ = {isa = PBXFileReference; lastKnownFileType = sourcecode.swift; path = ProfileSetupViewReactor.swift; sourceTree = "<group>"; };
		529A26052C96A781009F4CFA /* ScheduleListReuseFooterView.swift */ = {isa = PBXFileReference; lastKnownFileType = sourcecode.swift; path = ScheduleListReuseFooterView.swift; sourceTree = "<group>"; };
		52B6F63A2C77655200DA2D75 /* LoginRepository.swift */ = {isa = PBXFileReference; lastKnownFileType = sourcecode.swift; path = LoginRepository.swift; sourceTree = "<group>"; };
		52B6F63E2C77677700DA2D75 /* APIEndpoints.swift */ = {isa = PBXFileReference; lastKnownFileType = sourcecode.swift; path = APIEndpoints.swift; sourceTree = "<group>"; };
		52B87E272C6B2A450026B601 /* Pretendard-Light.ttf */ = {isa = PBXFileReference; lastKnownFileType = file; path = "Pretendard-Light.ttf"; sourceTree = "<group>"; };
		52B87E282C6B2A450026B601 /* Pretendard-ExtraBold.ttf */ = {isa = PBXFileReference; lastKnownFileType = file; path = "Pretendard-ExtraBold.ttf"; sourceTree = "<group>"; };
		52B87E292C6B2A450026B601 /* Pretendard-ExtraLight.ttf */ = {isa = PBXFileReference; lastKnownFileType = file; path = "Pretendard-ExtraLight.ttf"; sourceTree = "<group>"; };
		52B87E2A2C6B2A450026B601 /* Pretendard-Regular.ttf */ = {isa = PBXFileReference; lastKnownFileType = file; path = "Pretendard-Regular.ttf"; sourceTree = "<group>"; };
		52B87E2B2C6B2A450026B601 /* Pretendard-Bold.ttf */ = {isa = PBXFileReference; lastKnownFileType = file; path = "Pretendard-Bold.ttf"; sourceTree = "<group>"; };
		52B87E2C2C6B2A450026B601 /* Pretendard-Black.ttf */ = {isa = PBXFileReference; lastKnownFileType = file; path = "Pretendard-Black.ttf"; sourceTree = "<group>"; };
		52B87E2D2C6B2A450026B601 /* Pretendard-SemiBold.ttf */ = {isa = PBXFileReference; lastKnownFileType = file; path = "Pretendard-SemiBold.ttf"; sourceTree = "<group>"; };
		52B87E2E2C6B2A450026B601 /* Pretendard-Thin.ttf */ = {isa = PBXFileReference; lastKnownFileType = file; path = "Pretendard-Thin.ttf"; sourceTree = "<group>"; };
		52B87E2F2C6B2A450026B601 /* Pretendard-Medium.ttf */ = {isa = PBXFileReference; lastKnownFileType = file; path = "Pretendard-Medium.ttf"; sourceTree = "<group>"; };
		52B87E392C6B2D440026B601 /* UIFont+CustomFont.swift */ = {isa = PBXFileReference; lastKnownFileType = sourcecode.swift; path = "UIFont+CustomFont.swift"; sourceTree = "<group>"; };
		52C0F8BB2C9479C40080CA65 /* CustomCalendarCell.swift */ = {isa = PBXFileReference; lastKnownFileType = sourcecode.swift; path = CustomCalendarCell.swift; sourceTree = "<group>"; };
		52C0F8BE2C9489DB0080CA65 /* CalendarViewController.swift */ = {isa = PBXFileReference; lastKnownFileType = sourcecode.swift; path = CalendarViewController.swift; sourceTree = "<group>"; };
		52C6521D2CA705BB0041E78C /* EmptyScheduleCell.swift */ = {isa = PBXFileReference; lastKnownFileType = sourcecode.swift; path = EmptyScheduleCell.swift; sourceTree = "<group>"; };
		52C72E862C4FBD6400CFF329 /* Group.app */ = {isa = PBXFileReference; explicitFileType = wrapper.application; includeInIndex = 0; path = Group.app; sourceTree = BUILT_PRODUCTS_DIR; };
		52C72E892C4FBD6400CFF329 /* AppDelegate.swift */ = {isa = PBXFileReference; lastKnownFileType = sourcecode.swift; path = AppDelegate.swift; sourceTree = "<group>"; };
		52C72E8B2C4FBD6400CFF329 /* SceneDelegate.swift */ = {isa = PBXFileReference; lastKnownFileType = sourcecode.swift; path = SceneDelegate.swift; sourceTree = "<group>"; };
		52C72E922C4FBD6500CFF329 /* Assets.xcassets */ = {isa = PBXFileReference; lastKnownFileType = folder.assetcatalog; path = Assets.xcassets; sourceTree = "<group>"; };
		52C72E952C4FBD6500CFF329 /* Base */ = {isa = PBXFileReference; lastKnownFileType = file.storyboard; name = Base; path = Base.lproj/LaunchScreen.storyboard; sourceTree = "<group>"; };
		52C72E972C4FBD6500CFF329 /* Info.plist */ = {isa = PBXFileReference; lastKnownFileType = text.plist.xml; path = Info.plist; sourceTree = "<group>"; };
		52C72EA72C4FBF6300CFF329 /* Group.entitlements */ = {isa = PBXFileReference; lastKnownFileType = text.plist.entitlements; path = Group.entitlements; sourceTree = "<group>"; };
		52C7A4A72CAED102009DB5B9 /* CALayer+Ext.swift */ = {isa = PBXFileReference; lastKnownFileType = sourcecode.swift; path = "CALayer+Ext.swift"; sourceTree = "<group>"; };
		52CB0B412C72AD23002B6D20 /* AppConfiguration.swift */ = {isa = PBXFileReference; lastKnownFileType = sourcecode.swift; path = AppConfiguration.swift; sourceTree = "<group>"; };
		52CB0B442C730816002B6D20 /* NetworkConfig.swift */ = {isa = PBXFileReference; lastKnownFileType = sourcecode.swift; path = NetworkConfig.swift; sourceTree = "<group>"; };
		52CB0B462C7308A8002B6D20 /* Endpoint.swift */ = {isa = PBXFileReference; lastKnownFileType = sourcecode.swift; path = Endpoint.swift; sourceTree = "<group>"; };
		52CB0B482C732186002B6D20 /* DataTransferService.swift */ = {isa = PBXFileReference; lastKnownFileType = sourcecode.swift; path = DataTransferService.swift; sourceTree = "<group>"; };
		52CB0B4A2C7321A7002B6D20 /* NetworkService.swift */ = {isa = PBXFileReference; lastKnownFileType = sourcecode.swift; path = NetworkService.swift; sourceTree = "<group>"; };
		52CB41DD2CA2EC2B0071679D /* ScheduleTableSectionModel.swift */ = {isa = PBXFileReference; lastKnownFileType = sourcecode.swift; path = ScheduleTableSectionModel.swift; sourceTree = "<group>"; };
		52CB41E12CA2F2910071679D /* DateManager.swift */ = {isa = PBXFileReference; lastKnownFileType = sourcecode.swift; path = DateManager.swift; sourceTree = "<group>"; };
		52E2381E2C7405820066C9A3 /* BaseLabel.swift */ = {isa = PBXFileReference; lastKnownFileType = sourcecode.swift; path = BaseLabel.swift; sourceTree = "<group>"; };
		52E238202C743C0E0066C9A3 /* BaseTextField.swift */ = {isa = PBXFileReference; lastKnownFileType = sourcecode.swift; path = BaseTextField.swift; sourceTree = "<group>"; };
		52E238242C7454230066C9A3 /* UserProfile.swift */ = {isa = PBXFileReference; lastKnownFileType = sourcecode.swift; path = UserProfile.swift; sourceTree = "<group>"; };
		52E2382A2C7457DB0066C9A3 /* AppDIContainer.swift */ = {isa = PBXFileReference; lastKnownFileType = sourcecode.swift; path = AppDIContainer.swift; sourceTree = "<group>"; };
		52E2382C2C745E960066C9A3 /* LoginSceneDIContainer.swift */ = {isa = PBXFileReference; lastKnownFileType = sourcecode.swift; path = LoginSceneDIContainer.swift; sourceTree = "<group>"; };
		52E2382E2C74601D0066C9A3 /* AppleLoginService.swift */ = {isa = PBXFileReference; lastKnownFileType = sourcecode.swift; path = AppleLoginService.swift; sourceTree = "<group>"; };
		52E238312C74BFB00066C9A3 /* UserLogin.swift */ = {isa = PBXFileReference; lastKnownFileType = sourcecode.swift; path = UserLogin.swift; sourceTree = "<group>"; };
		52E238362C76530D0066C9A3 /* LoginViewReacotr.swift */ = {isa = PBXFileReference; lastKnownFileType = sourcecode.swift; path = LoginViewReacotr.swift; sourceTree = "<group>"; };
		52E2383B2C76E7DE0066C9A3 /* BaseCoordinator.swift */ = {isa = PBXFileReference; lastKnownFileType = sourcecode.swift; path = BaseCoordinator.swift; sourceTree = "<group>"; };
		52E2383E2C76E8C00066C9A3 /* LoginCoordinator.swift */ = {isa = PBXFileReference; lastKnownFileType = sourcecode.swift; path = LoginCoordinator.swift; sourceTree = "<group>"; };
		52E238422C76E9B00066C9A3 /* AppFlowCoordinator.swift */ = {isa = PBXFileReference; lastKnownFileType = sourcecode.swift; path = AppFlowCoordinator.swift; sourceTree = "<group>"; };
		52E238472C7733320066C9A3 /* GroupRepository.swift */ = {isa = PBXFileReference; lastKnownFileType = sourcecode.swift; path = GroupRepository.swift; sourceTree = "<group>"; };
		52E8E44F2CA3F2AA007A5447 /* ObservableType+Pairwise.swift */ = {isa = PBXFileReference; lastKnownFileType = sourcecode.swift; path = "ObservableType+Pairwise.swift"; sourceTree = "<group>"; };
		52E8E4512CA44D4E007A5447 /* DateComponents+Comparable.swift */ = {isa = PBXFileReference; lastKnownFileType = sourcecode.swift; path = "DateComponents+Comparable.swift"; sourceTree = "<group>"; };
		52E99EE52CA1A5B6007E552C /* SimpleScheduleView.swift */ = {isa = PBXFileReference; lastKnownFileType = sourcecode.swift; path = SimpleScheduleView.swift; sourceTree = "<group>"; };
		52E99EE82CA1B3EA007E552C /* SchedulTableHeaderView.swift */ = {isa = PBXFileReference; lastKnownFileType = sourcecode.swift; path = SchedulTableHeaderView.swift; sourceTree = "<group>"; };
		52FB36D52CB5E24D008563FF /* BaseLoadingOverlay.swift */ = {isa = PBXFileReference; lastKnownFileType = sourcecode.swift; path = BaseLoadingOverlay.swift; sourceTree = "<group>"; };
/* End PBXFileReference section */

/* Begin PBXFrameworksBuildPhase section */
		52C72E832C4FBD6400CFF329 /* Frameworks */ = {
			isa = PBXFrameworksBuildPhase;
			buildActionMask = 2147483647;
			files = (
				52C72EA32C4FBE4100CFF329 /* RxSwift in Frameworks */,
				52C72EA62C4FBE5900CFF329 /* SnapKit in Frameworks */,
				5211F91A2C89E39600403980 /* Kingfisher in Frameworks */,
				529A260C2C96AE3E009F4CFA /* RxDataSources in Frameworks */,
				524A50C92C68735000862AD6 /* MultipartForm in Frameworks */,
				52C72EA12C4FBE4100CFF329 /* RxRelay in Frameworks */,
				525AA90C2C915C6D0087913F /* FSCalendar in Frameworks */,
				52E2383A2C765A2D0066C9A3 /* ReactorKit in Frameworks */,
				529A260A2C96AE3E009F4CFA /* Differentiator in Frameworks */,
				52C72E9F2C4FBE4100CFF329 /* RxCocoa in Frameworks */,
			);
			runOnlyForDeploymentPostprocessing = 0;
		};
/* End PBXFrameworksBuildPhase section */

/* Begin PBXGroup section */
		5207C9112CB1E10400BB27A6 /* SectionModel */ = {
			isa = PBXGroup;
			children = (
				52CB41DD2CA2EC2B0071679D /* ScheduleTableSectionModel.swift */,
			);
			path = SectionModel;
			sourceTree = "<group>";
		};
		5211F8F42C84233A00403980 /* Zone */ = {
			isa = PBXGroup;
			children = (
			);
			path = Zone;
			sourceTree = "<group>";
		};
		5211F8F92C84B78100403980 /* MainScene */ = {
			isa = PBXGroup;
			children = (
				5211F8FB2C84B7E900403980 /* Flow */,
				5211F8FC2C84B7F000403980 /* View */,
				5211F8FA2C84B7C500403980 /* SubScene */,
			);
			path = MainScene;
			sourceTree = "<group>";
		};
		5211F8FA2C84B7C500403980 /* SubScene */ = {
			isa = PBXGroup;
			children = (
				527A3E732C832489007FE63B /* HomeScene */,
				527A3E802C834BF4007FE63B /* GroupListScene */,
				527A3E812C834BFA007FE63B /* CalendarScene */,
				527A3E822C834C00007FE63B /* ProfileScene */,
			);
			path = SubScene;
			sourceTree = "<group>";
		};
		5211F8FB2C84B7E900403980 /* Flow */ = {
			isa = PBXGroup;
			children = (
				527A3E782C834A12007FE63B /* TabBarCoordinator.swift */,
			);
			path = Flow;
			sourceTree = "<group>";
		};
		5211F8FC2C84B7F000403980 /* View */ = {
			isa = PBXGroup;
			children = (
				5211F8F52C84234800403980 /* MainTabBarController.swift */,
			);
			path = View;
			sourceTree = "<group>";
		};
		5211F9012C86E3CC00403980 /* ScheduleListView */ = {
			isa = PBXGroup;
			children = (
				5211F9022C86E41900403980 /* ScheduleListCollectionViewController.swift */,
				529A26042C96A776009F4CFA /* FooterView */,
				5211F9062C86F2C700403980 /* Cell */,
				5211F9102C89CDEB00403980 /* CustomUI */,
			);
			path = ScheduleListView;
			sourceTree = "<group>";
		};
		5211F9062C86F2C700403980 /* Cell */ = {
			isa = PBXGroup;
			children = (
				5211F9072C86F2DB00403980 /* ScheduleCollectionCell.swift */,
			);
			path = Cell;
			sourceTree = "<group>";
		};
		5211F9102C89CDEB00403980 /* CustomUI */ = {
			isa = PBXGroup;
			children = (
				5211F8FF2C86B37B00403980 /* HomeButton.swift */,
				5211F9122C89CEF800403980 /* ParticipantImageView.swift */,
			);
			path = CustomUI;
			sourceTree = "<group>";
		};
		5236453A2C900D57009E0784 /* GroupListTableView */ = {
			isa = PBXGroup;
			children = (
				5236453B2C900DA3009E0784 /* GroupListTableViewController.swift */,
				5236453D2C900E0C009E0784 /* Cell */,
			);
			path = GroupListTableView;
			sourceTree = "<group>";
		};
		5236453D2C900E0C009E0784 /* Cell */ = {
			isa = PBXGroup;
			children = (
				5236453E2C900E12009E0784 /* GroupListCell.swift */,
			);
			path = Cell;
			sourceTree = "<group>";
		};
		523645402C901190009E0784 /* Base */ = {
			isa = PBXGroup;
			children = (
				5236452F2C8EE518009E0784 /* BaseEmptyView.swift */,
				528484152C6B86F600D50C6A /* BaseButton.swift */,
				52E2381E2C7405820066C9A3 /* BaseLabel.swift */,
				52E238202C743C0E0066C9A3 /* BaseTextField.swift */,
				5236452C2C8EDCEF009E0784 /* BaseViewController.swift */,
				52FB36D52CB5E24D008563FF /* BaseLoadingOverlay.swift */,
			);
			path = Base;
			sourceTree = "<group>";
		};
		523645412C901197009E0784 /* Custom */ = {
			isa = PBXGroup;
			children = (
				523645282C8E522A009E0784 /* IconLabelView.swift */,
				5259B0092C9C5C81006B2711 /* CustomNavigationBar.swift */,
				5259B0132C9FF32F006B2711 /* ThumbnailView.swift */,
				5259B0152CA013A8006B2711 /* WeatherView.swift */,
				5259B0172CA028C2006B2711 /* ScheduleView.swift */,
				52E99EE52CA1A5B6007E552C /* SimpleScheduleView.swift */,
			);
			path = Custom;
			sourceTree = "<group>";
		};
		523645472C90B703009E0784 /* PreView */ = {
			isa = PBXGroup;
			children = (
				523645482C90B711009E0784 /* UIView+PreView.swift */,
				5236454A2C90B734009E0784 /* UIViewController+PreView.swift */,
			);
			path = PreView;
			sourceTree = "<group>";
		};
		524E33CD2C8028A4004B15FC /* RxSwift */ = {
			isa = PBXGroup;
			children = (
				524E33CE2C8028B3004B15FC /* Reactive+Ext.swift */,
				52E8E44F2CA3F2AA007A5447 /* ObservableType+Pairwise.swift */,
			);
			path = RxSwift;
			sourceTree = "<group>";
		};
		524E33D22C804C7D004B15FC /* Validator */ = {
			isa = PBXGroup;
			children = (
				524E33D02C804C7A004B15FC /* Validator.swift */,
			);
			path = Validator;
			sourceTree = "<group>";
		};
		524E33D92C80C17A004B15FC /* DataMapping */ = {
			isa = PBXGroup;
			children = (
				524E33DA2C80C1F4004B15FC /* ErrorResponseDTO.swift */,
			);
			path = DataMapping;
			sourceTree = "<group>";
		};
		5259B0112C9FD35D006B2711 /* ScheduleTableView */ = {
			isa = PBXGroup;
			children = (
				5259B00C2C9FD316006B2711 /* ScheduleTableViewController.swift */,
				5207C9112CB1E10400BB27A6 /* SectionModel */,
				52E99EE72CA1B3C5007E552C /* HeaderView */,
				5259B01B2CA03897006B2711 /* Cell */,
			);
			path = ScheduleTableView;
			sourceTree = "<group>";
		};
		5259B01B2CA03897006B2711 /* Cell */ = {
			isa = PBXGroup;
			children = (
				5259B01C2CA038AA006B2711 /* ScheduleTableViewCell.swift */,
				52C6521D2CA705BB0041E78C /* EmptyScheduleCell.swift */,
			);
			path = Cell;
			sourceTree = "<group>";
		};
		526F45022C96001A00C347C7 /* UIView */ = {
			isa = PBXGroup;
			children = (
				5211F9142C89D56D00403980 /* UIView+Identifier.swift */,
				526F45002C96000100C347C7 /* UIView+BounceAnimate.swift */,
			);
			path = UIView;
			sourceTree = "<group>";
		};
		526F45032C96004600C347C7 /* Design */ = {
			isa = PBXGroup;
			children = (
				5208051A2C69E2480015F6E0 /* UIColor+hexCode.swift */,
				52B87E392C6B2D440026B601 /* UIFont+CustomFont.swift */,
			);
			path = Design;
			sourceTree = "<group>";
		};
		527A3E662C82C8E5007FE63B /* UseCaseMock */ = {
			isa = PBXGroup;
			children = (
				527A3E672C82C905007FE63B /* ProfileSetupMock.swift */,
				527A3E6B2C82CA8F007FE63B /* UserLoginUseCaseMock.swift */,
				523645362C8FFE9F009E0784 /* FetchRecentScheduleMock.swift */,
				5207C9122CB3C16800BB27A6 /* FetchScheduleMock.swift */,
				523645382C8FFF9F009E0784 /* FetchGroupListMock.swift */,
			);
			path = UseCaseMock;
			sourceTree = "<group>";
		};
		527A3E732C832489007FE63B /* HomeScene */ = {
			isa = PBXGroup;
			children = (
				527A3E742C83248F007FE63B /* Flow */,
				527A3E8D2C836189007FE63B /* ViewModel */,
				527A3E8C2C83617F007FE63B /* View */,
			);
			path = HomeScene;
			sourceTree = "<group>";
		};
		527A3E742C83248F007FE63B /* Flow */ = {
			isa = PBXGroup;
			children = (
				527A3E752C8324CE007FE63B /* HomeCoordinator.swift */,
			);
			path = Flow;
			sourceTree = "<group>";
		};
		527A3E802C834BF4007FE63B /* GroupListScene */ = {
			isa = PBXGroup;
			children = (
				527A3E832C834C1E007FE63B /* Flow */,
				527A3E902C836223007FE63B /* ViewModel */,
				527A3E912C836227007FE63B /* View */,
			);
			path = GroupListScene;
			sourceTree = "<group>";
		};
		527A3E812C834BFA007FE63B /* CalendarScene */ = {
			isa = PBXGroup;
			children = (
				527A3E842C834C21007FE63B /* Flow */,
				527A3E932C83622B007FE63B /* ViewModel */,
				527A3E922C836229007FE63B /* View */,
			);
			path = CalendarScene;
			sourceTree = "<group>";
		};
		527A3E822C834C00007FE63B /* ProfileScene */ = {
			isa = PBXGroup;
			children = (
				527A3E852C834C22007FE63B /* Flow */,
				527A3E942C836236007FE63B /* ViewModel */,
				527A3E952C836236007FE63B /* View */,
			);
			path = ProfileScene;
			sourceTree = "<group>";
		};
		527A3E832C834C1E007FE63B /* Flow */ = {
			isa = PBXGroup;
			children = (
				527A3E7A2C834BAD007FE63B /* GroupListCoordinator.swift */,
			);
			path = Flow;
			sourceTree = "<group>";
		};
		527A3E842C834C21007FE63B /* Flow */ = {
			isa = PBXGroup;
			children = (
				527A3E7C2C834BC1007FE63B /* CalendarCoordinator.swift */,
			);
			path = Flow;
			sourceTree = "<group>";
		};
		527A3E852C834C22007FE63B /* Flow */ = {
			isa = PBXGroup;
			children = (
				527A3E7E2C834BEE007FE63B /* ProfileCoordinator.swift */,
			);
			path = Flow;
			sourceTree = "<group>";
		};
		527A3E862C834DEF007FE63B /* Data */ = {
			isa = PBXGroup;
			children = (
				527A3E872C834DF8007FE63B /* PersistentStorages */,
			);
			path = Data;
			sourceTree = "<group>";
		};
		527A3E872C834DF8007FE63B /* PersistentStorages */ = {
			isa = PBXGroup;
			children = (
				527A3E882C834E10007FE63B /* KeyChainServiceMock.swift */,
			);
			path = PersistentStorages;
			sourceTree = "<group>";
		};
		527A3E8C2C83617F007FE63B /* View */ = {
			isa = PBXGroup;
			children = (
				527A3E8E2C836192007FE63B /* HomeViewController.swift */,
				5211F9012C86E3CC00403980 /* ScheduleListView */,
			);
			path = View;
			sourceTree = "<group>";
		};
		527A3E8D2C836189007FE63B /* ViewModel */ = {
			isa = PBXGroup;
			children = (
				5211F9042C86E71500403980 /* ScheduleListViewReactor.swift */,
			);
			path = ViewModel;
			sourceTree = "<group>";
		};
		527A3E902C836223007FE63B /* ViewModel */ = {
			isa = PBXGroup;
			children = (
				523645422C901CF7009E0784 /* GroupListViewReactor.swift */,
			);
			path = ViewModel;
			sourceTree = "<group>";
		};
		527A3E912C836227007FE63B /* View */ = {
			isa = PBXGroup;
			children = (
				527A3E962C83627C007FE63B /* GroupListViewController.swift */,
				5236453A2C900D57009E0784 /* GroupListTableView */,
			);
			path = View;
			sourceTree = "<group>";
		};
		527A3E922C836229007FE63B /* View */ = {
			isa = PBXGroup;
			children = (
				52C0F8B92C9479980080CA65 /* CalendarScheduleView */,
			);
			path = View;
			sourceTree = "<group>";
		};
		527A3E932C83622B007FE63B /* ViewModel */ = {
			isa = PBXGroup;
			children = (
				5259B01E2CA03F96006B2711 /* CalendarViewReactor.swift */,
			);
			path = ViewModel;
			sourceTree = "<group>";
		};
		527A3E942C836236007FE63B /* ViewModel */ = {
			isa = PBXGroup;
			children = (
			);
			path = ViewModel;
			sourceTree = "<group>";
		};
		527A3E952C836236007FE63B /* View */ = {
			isa = PBXGroup;
			children = (
				527A3E9A2C836290007FE63B /* ProfileViewController.swift */,
			);
			path = View;
			sourceTree = "<group>";
		};
		527A3EA72C8372DC007FE63B /* MainSceneSubDIContainer */ = {
			isa = PBXGroup;
			children = (
				527A3E8A2C83610F007FE63B /* HomeSceneDIContainer.swift */,
				527A3E9C2C83641F007FE63B /* GroupListSceneDIContainer.swift */,
				527A3E9E2C83642C007FE63B /* CalendarSceneDIContainer.swift */,
				527A3EA02C836435007FE63B /* ProfileSceneDIContainer.swift */,
			);
			path = MainSceneSubDIContainer;
			sourceTree = "<group>";
		};
		528484192C6B8CAB00D50C6A /* AppDesign */ = {
			isa = PBXGroup;
			children = (
				52B87E262C6B2A2F0026B601 /* Font */,
				528484172C6B8CA100D50C6A /* AppDesign.swift */,
			);
			path = AppDesign;
			sourceTree = "<group>";
		};
		528D27C32C79F67400178F14 /* Network */ = {
			isa = PBXGroup;
			children = (
				52CB0B482C732186002B6D20 /* DataTransferService.swift */,
				52CB0B4A2C7321A7002B6D20 /* NetworkService.swift */,
				52CB0B462C7308A8002B6D20 /* Endpoint.swift */,
				52CB0B442C730816002B6D20 /* NetworkConfig.swift */,
			);
			path = Network;
			sourceTree = "<group>";
		};
		528D27C42C79F68500178F14 /* AppleLogin */ = {
			isa = PBXGroup;
			children = (
				52E2382E2C74601D0066C9A3 /* AppleLoginService.swift */,
			);
			path = AppleLogin;
			sourceTree = "<group>";
		};
		528D27C52C79F68B00178F14 /* Photos */ = {
			isa = PBXGroup;
			children = (
				528D27C62C79F6B800178F14 /* PhotoManager.swift */,
			);
			path = Photos;
			sourceTree = "<group>";
		};
		528D27C82C7A3ABE00178F14 /* Extension */ = {
			isa = PBXGroup;
			children = (
				526F45032C96004600C347C7 /* Design */,
				526F45022C96001A00C347C7 /* UIView */,
				523645472C90B703009E0784 /* PreView */,
				524E33CD2C8028A4004B15FC /* RxSwift */,
				526FA3C82C65DE8500D2F2B5 /* Response+Ext.swift */,
				5211F90A2C87039F00403980 /* UIViewController+AddChild.swift */,
				5211F90C2C87339300403980 /* UICollectionView+Snaping.swift */,
				52E8E4512CA44D4E007A5447 /* DateComponents+Comparable.swift */,
				52C7A4A72CAED102009DB5B9 /* CALayer+Ext.swift */,
			);
			path = Extension;
			sourceTree = "<group>";
		};
		528D27C92C7A3ACC00178F14 /* Protocol */ = {
			isa = PBXGroup;
			children = (
				526FA3C62C65DE5800D2F2B5 /* KeyboardEvent.swift */,
				524E33D32C80508C004B15FC /* Alertable.swift */,
				5236452A2C8EC5AD009E0784 /* NavigationBarExtendable.swift */,
			);
			path = Protocol;
			sourceTree = "<group>";
		};
		529A26042C96A776009F4CFA /* FooterView */ = {
			isa = PBXGroup;
			children = (
				529A26052C96A781009F4CFA /* ScheduleListReuseFooterView.swift */,
			);
			path = FooterView;
			sourceTree = "<group>";
		};
		52B6F6392C77653F00DA2D75 /* Interfaces */ = {
			isa = PBXGroup;
			children = (
				52B6F63C2C77655C00DA2D75 /* Repositories */,
			);
			path = Interfaces;
			sourceTree = "<group>";
		};
		52B6F63C2C77655C00DA2D75 /* Repositories */ = {
			isa = PBXGroup;
			children = (
				52B6F63A2C77655200DA2D75 /* LoginRepository.swift */,
				5211E8BB2C7C4DAF00EAB613 /* ProfileSetupRepository.swift */,
			);
			path = Repositories;
			sourceTree = "<group>";
		};
		52B6F63D2C77676A00DA2D75 /* Network */ = {
			isa = PBXGroup;
			children = (
				524E33D92C80C17A004B15FC /* DataMapping */,
				52B6F63E2C77677700DA2D75 /* APIEndpoints.swift */,
			);
			path = Network;
			sourceTree = "<group>";
		};
		52B87E262C6B2A2F0026B601 /* Font */ = {
			isa = PBXGroup;
			children = (
				52B87E2C2C6B2A450026B601 /* Pretendard-Black.ttf */,
				52B87E2B2C6B2A450026B601 /* Pretendard-Bold.ttf */,
				52B87E282C6B2A450026B601 /* Pretendard-ExtraBold.ttf */,
				52B87E292C6B2A450026B601 /* Pretendard-ExtraLight.ttf */,
				52B87E272C6B2A450026B601 /* Pretendard-Light.ttf */,
				52B87E2F2C6B2A450026B601 /* Pretendard-Medium.ttf */,
				52B87E2A2C6B2A450026B601 /* Pretendard-Regular.ttf */,
				52B87E2D2C6B2A450026B601 /* Pretendard-SemiBold.ttf */,
				52B87E2E2C6B2A450026B601 /* Pretendard-Thin.ttf */,
			);
			path = Font;
			sourceTree = "<group>";
		};
		52C0F8B92C9479980080CA65 /* CalendarScheduleView */ = {
			isa = PBXGroup;
			children = (
				527A3E982C836287007FE63B /* CalendarScheduleViewController.swift */,
				52E99EE12CA15556007E552C /* DatePickerView */,
				52C0F8BD2C9489CC0080CA65 /* CalendarView */,
				5259B0112C9FD35D006B2711 /* ScheduleTableView */,
			);
			path = CalendarScheduleView;
			sourceTree = "<group>";
		};
		52C0F8BA2C9479AF0080CA65 /* Cell */ = {
			isa = PBXGroup;
			children = (
				52C0F8BB2C9479C40080CA65 /* CustomCalendarCell.swift */,
			);
			path = Cell;
			sourceTree = "<group>";
		};
		52C0F8BD2C9489CC0080CA65 /* CalendarView */ = {
			isa = PBXGroup;
			children = (
				52C0F8BE2C9489DB0080CA65 /* CalendarViewController.swift */,
				52C0F8BA2C9479AF0080CA65 /* Cell */,
			);
			path = CalendarView;
			sourceTree = "<group>";
		};
		52C72E7D2C4FBD6400CFF329 = {
			isa = PBXGroup;
			children = (
				52C72E882C4FBD6400CFF329 /* Group */,
				52C72E872C4FBD6400CFF329 /* Products */,
			);
			sourceTree = "<group>";
		};
		52C72E872C4FBD6400CFF329 /* Products */ = {
			isa = PBXGroup;
			children = (
				52C72E862C4FBD6400CFF329 /* Group.app */,
			);
			name = Products;
			sourceTree = "<group>";
		};
		52C72E882C4FBD6400CFF329 /* Group */ = {
			isa = PBXGroup;
			children = (
				52C72EA72C4FBF6300CFF329 /* Group.entitlements */,
				52C72E972C4FBD6500CFF329 /* Info.plist */,
				52CB0B382C72A564002B6D20 /* Application */,
				52E238272C7455C80066C9A3 /* Presentation */,
				52CB0B432C7307D0002B6D20 /* Infrastructure */,
				52CB0B3E2C72AAA9002B6D20 /* Data */,
				52E238222C7453EC0066C9A3 /* Domain */,
				52E238262C7454FD0066C9A3 /* Utils */,
				52CB0B3C2C72AA1F002B6D20 /* CommonUI */,
				52CB0B392C72A8E3002B6D20 /* Resources */,
				52CB0B3A2C72A961002B6D20 /* Test */,
			);
			path = Group;
			sourceTree = "<group>";
		};
		52CB0B382C72A564002B6D20 /* Application */ = {
			isa = PBXGroup;
			children = (
				52C72E892C4FBD6400CFF329 /* AppDelegate.swift */,
				52C72E8B2C4FBD6400CFF329 /* SceneDelegate.swift */,
				527A3EA82C837B29007FE63B /* AppAppearance.swift */,
				52CB0B412C72AD23002B6D20 /* AppConfiguration.swift */,
				52E238282C7457CC0066C9A3 /* DIContainer */,
				52E238412C76E99D0066C9A3 /* AppCoordinator */,
			);
			path = Application;
			sourceTree = "<group>";
		};
		52CB0B392C72A8E3002B6D20 /* Resources */ = {
			isa = PBXGroup;
			children = (
				528484192C6B8CAB00D50C6A /* AppDesign */,
				52C72E922C4FBD6500CFF329 /* Assets.xcassets */,
				52C72E942C4FBD6500CFF329 /* LaunchScreen.storyboard */,
			);
			path = Resources;
			sourceTree = "<group>";
		};
		52CB0B3A2C72A961002B6D20 /* Test */ = {
			isa = PBXGroup;
			children = (
				5211F8F42C84233A00403980 /* Zone */,
				527A3E862C834DEF007FE63B /* Data */,
				527A3E662C82C8E5007FE63B /* UseCaseMock */,
			);
			path = Test;
			sourceTree = "<group>";
		};
		52CB0B3C2C72AA1F002B6D20 /* CommonUI */ = {
			isa = PBXGroup;
			children = (
				523645412C901197009E0784 /* Custom */,
				523645402C901190009E0784 /* Base */,
			);
			path = CommonUI;
			sourceTree = "<group>";
		};
		52CB0B3E2C72AAA9002B6D20 /* Data */ = {
			isa = PBXGroup;
			children = (
				52B6F63D2C77676A00DA2D75 /* Network */,
				52E238462C772EFA0066C9A3 /* Repositories */,
				52CB0B3F2C72AAAF002B6D20 /* PersistentStorages */,
			);
			path = Data;
			sourceTree = "<group>";
		};
		52CB0B3F2C72AAAF002B6D20 /* PersistentStorages */ = {
			isa = PBXGroup;
			children = (
				52CB0B402C72AB12002B6D20 /* TokenKeyChain */,
			);
			path = PersistentStorages;
			sourceTree = "<group>";
		};
		52CB0B402C72AB12002B6D20 /* TokenKeyChain */ = {
			isa = PBXGroup;
			children = (
				5286C4D82C536BE50083F432 /* KeyChainService.swift */,
			);
			path = TokenKeyChain;
			sourceTree = "<group>";
		};
		52CB0B432C7307D0002B6D20 /* Infrastructure */ = {
			isa = PBXGroup;
			children = (
				52CB41E02CA2F2800071679D /* DateTimeManager */,
				528D27C52C79F68B00178F14 /* Photos */,
				528D27C42C79F68500178F14 /* AppleLogin */,
				528D27C32C79F67400178F14 /* Network */,
			);
			path = Infrastructure;
			sourceTree = "<group>";
		};
		52CB41E02CA2F2800071679D /* DateTimeManager */ = {
			isa = PBXGroup;
			children = (
				52CB41E12CA2F2910071679D /* DateManager.swift */,
			);
			path = DateTimeManager;
			sourceTree = "<group>";
		};
		52E238222C7453EC0066C9A3 /* Domain */ = {
			isa = PBXGroup;
			children = (
				52B6F6392C77653F00DA2D75 /* Interfaces */,
				52E238302C74BFA10066C9A3 /* UseCases */,
				52E238232C7454050066C9A3 /* Entities */,
			);
			path = Domain;
			sourceTree = "<group>";
		};
		52E238232C7454050066C9A3 /* Entities */ = {
			isa = PBXGroup;
			children = (
				52E238242C7454230066C9A3 /* UserProfile.swift */,
				527A3E692C82C965007FE63B /* UserToken.swift */,
				523645342C8FFE5B009E0784 /* Schedule.swift */,
			);
			path = Entities;
			sourceTree = "<group>";
		};
		52E238262C7454FD0066C9A3 /* Utils */ = {
			isa = PBXGroup;
			children = (
				524E33D22C804C7D004B15FC /* Validator */,
				528D27C92C7A3ACC00178F14 /* Protocol */,
				528D27C82C7A3ABE00178F14 /* Extension */,
			);
			path = Utils;
			sourceTree = "<group>";
		};
		52E238272C7455C80066C9A3 /* Presentation */ = {
			isa = PBXGroup;
			children = (
				52E238332C75E0570066C9A3 /* LoginScene */,
				5211F8F92C84B78100403980 /* MainScene */,
			);
			path = Presentation;
			sourceTree = "<group>";
		};
		52E238282C7457CC0066C9A3 /* DIContainer */ = {
			isa = PBXGroup;
			children = (
				52E2382A2C7457DB0066C9A3 /* AppDIContainer.swift */,
				52E2382C2C745E960066C9A3 /* LoginSceneDIContainer.swift */,
				527A3EA42C837034007FE63B /* MainSceneDIContainer.swift */,
				527A3EA72C8372DC007FE63B /* MainSceneSubDIContainer */,
			);
			path = DIContainer;
			sourceTree = "<group>";
		};
		52E238302C74BFA10066C9A3 /* UseCases */ = {
			isa = PBXGroup;
			children = (
				52E238312C74BFB00066C9A3 /* UserLogin.swift */,
				5211E8BD2C7C515500EAB613 /* ProfileSetup.swift */,
				527A3E712C8302AA007FE63B /* FetchRecentSchedule.swift */,
				523645322C8FFDEB009E0784 /* FetchGroup.swift */,
				5207C9142CB3C21800BB27A6 /* FetchSchedule.swift */,
			);
			path = UseCases;
			sourceTree = "<group>";
		};
		52E238332C75E0570066C9A3 /* LoginScene */ = {
			isa = PBXGroup;
			children = (
				52E2383D2C76E8B30066C9A3 /* Flows */,
				52E238342C75E06A0066C9A3 /* ViewModel */,
				52E238352C75E06F0066C9A3 /* View */,
			);
			path = LoginScene;
			sourceTree = "<group>";
		};
		52E238342C75E06A0066C9A3 /* ViewModel */ = {
			isa = PBXGroup;
			children = (
				52E238362C76530D0066C9A3 /* LoginViewReacotr.swift */,
				528D27CC2C7B2D6F00178F14 /* ProfileSetupViewReactor.swift */,
			);
			path = ViewModel;
			sourceTree = "<group>";
		};
		52E238352C75E06F0066C9A3 /* View */ = {
			isa = PBXGroup;
			children = (
				520805162C69E0770015F6E0 /* LoginViewController.swift */,
				5208051C2C69FE700015F6E0 /* ProfileSetupViewController.swift */,
			);
			path = View;
			sourceTree = "<group>";
		};
		52E2383D2C76E8B30066C9A3 /* Flows */ = {
			isa = PBXGroup;
			children = (
				52E2383E2C76E8C00066C9A3 /* LoginCoordinator.swift */,
			);
			path = Flows;
			sourceTree = "<group>";
		};
		52E238412C76E99D0066C9A3 /* AppCoordinator */ = {
			isa = PBXGroup;
			children = (
				52E2383B2C76E7DE0066C9A3 /* BaseCoordinator.swift */,
				52E238422C76E9B00066C9A3 /* AppFlowCoordinator.swift */,
			);
			path = AppCoordinator;
			sourceTree = "<group>";
		};
		52E238462C772EFA0066C9A3 /* Repositories */ = {
			isa = PBXGroup;
			children = (
				52E238472C7733320066C9A3 /* GroupRepository.swift */,
			);
			path = Repositories;
			sourceTree = "<group>";
		};
		52E99EE12CA15556007E552C /* DatePickerView */ = {
			isa = PBXGroup;
			children = (
				5259B0072C9C0E33006B2711 /* DatePickViewController.swift */,
			);
			path = DatePickerView;
			sourceTree = "<group>";
		};
		52E99EE72CA1B3C5007E552C /* HeaderView */ = {
			isa = PBXGroup;
			children = (
				52E99EE82CA1B3EA007E552C /* SchedulTableHeaderView.swift */,
			);
			path = HeaderView;
			sourceTree = "<group>";
		};
/* End PBXGroup section */

/* Begin PBXNativeTarget section */
		52C72E852C4FBD6400CFF329 /* Group */ = {
			isa = PBXNativeTarget;
			buildConfigurationList = 52C72E9A2C4FBD6500CFF329 /* Build configuration list for PBXNativeTarget "Group" */;
			buildPhases = (
				52C72E822C4FBD6400CFF329 /* Sources */,
				52C72E832C4FBD6400CFF329 /* Frameworks */,
				52C72E842C4FBD6400CFF329 /* Resources */,
			);
			buildRules = (
			);
			dependencies = (
			);
			name = Group;
			packageProductDependencies = (
				52C72E9E2C4FBE4100CFF329 /* RxCocoa */,
				52C72EA02C4FBE4100CFF329 /* RxRelay */,
				52C72EA22C4FBE4100CFF329 /* RxSwift */,
				52C72EA52C4FBE5900CFF329 /* SnapKit */,
				524A50C82C68735000862AD6 /* MultipartForm */,
				52E238392C765A2D0066C9A3 /* ReactorKit */,
				5211F9192C89E39600403980 /* Kingfisher */,
				525AA90B2C915C6D0087913F /* FSCalendar */,
				529A26092C96AE3E009F4CFA /* Differentiator */,
				529A260B2C96AE3E009F4CFA /* RxDataSources */,
			);
			productName = Group;
			productReference = 52C72E862C4FBD6400CFF329 /* Group.app */;
			productType = "com.apple.product-type.application";
		};
/* End PBXNativeTarget section */

/* Begin PBXProject section */
		52C72E7E2C4FBD6400CFF329 /* Project object */ = {
			isa = PBXProject;
			attributes = {
				BuildIndependentTargetsInParallel = 1;
				KnownAssetTags = (
					New,
				);
				LastSwiftUpdateCheck = 1540;
				LastUpgradeCheck = 1540;
				TargetAttributes = {
					52C72E852C4FBD6400CFF329 = {
						CreatedOnToolsVersion = 15.4;
					};
				};
			};
			buildConfigurationList = 52C72E812C4FBD6400CFF329 /* Build configuration list for PBXProject "Group" */;
			compatibilityVersion = "Xcode 14.0";
			developmentRegion = en;
			hasScannedForEncodings = 0;
			knownRegions = (
				en,
				Base,
			);
			mainGroup = 52C72E7D2C4FBD6400CFF329;
			packageReferences = (
				52C72E9D2C4FBE4100CFF329 /* XCRemoteSwiftPackageReference "RxSwift" */,
				52C72EA42C4FBE5900CFF329 /* XCRemoteSwiftPackageReference "SnapKit" */,
				524A50C72C68735000862AD6 /* XCRemoteSwiftPackageReference "MultipartForm" */,
				52E238382C765A2D0066C9A3 /* XCRemoteSwiftPackageReference "ReactorKit" */,
				5211F9182C89E39600403980 /* XCRemoteSwiftPackageReference "Kingfisher" */,
				525AA90A2C915C6D0087913F /* XCRemoteSwiftPackageReference "FSCalendar" */,
				529A26082C96AE3E009F4CFA /* XCRemoteSwiftPackageReference "RxDataSources" */,
			);
			productRefGroup = 52C72E872C4FBD6400CFF329 /* Products */;
			projectDirPath = "";
			projectRoot = "";
			targets = (
				52C72E852C4FBD6400CFF329 /* Group */,
			);
		};
/* End PBXProject section */

/* Begin PBXResourcesBuildPhase section */
		52C72E842C4FBD6400CFF329 /* Resources */ = {
			isa = PBXResourcesBuildPhase;
			buildActionMask = 2147483647;
			files = (
				52B87E362C6B2A460026B601 /* Pretendard-SemiBold.ttf in Resources */,
				52B87E302C6B2A460026B601 /* Pretendard-Light.ttf in Resources */,
				52C72E932C4FBD6500CFF329 /* Assets.xcassets in Resources */,
				52B87E332C6B2A460026B601 /* Pretendard-Regular.ttf in Resources */,
				52B87E352C6B2A460026B601 /* Pretendard-Black.ttf in Resources */,
				52B87E322C6B2A460026B601 /* Pretendard-ExtraLight.ttf in Resources */,
				52B87E372C6B2A460026B601 /* Pretendard-Thin.ttf in Resources */,
				52C72E962C4FBD6500CFF329 /* Base in Resources */,
				52B87E382C6B2A460026B601 /* Pretendard-Medium.ttf in Resources */,
				52B87E312C6B2A460026B601 /* Pretendard-ExtraBold.ttf in Resources */,
				52B87E342C6B2A460026B601 /* Pretendard-Bold.ttf in Resources */,
			);
			runOnlyForDeploymentPostprocessing = 0;
		};
/* End PBXResourcesBuildPhase section */

/* Begin PBXSourcesBuildPhase section */
		52C72E822C4FBD6400CFF329 /* Sources */ = {
			isa = PBXSourcesBuildPhase;
			buildActionMask = 2147483647;
			files = (
				5259B01D2CA038AA006B2711 /* ScheduleTableViewCell.swift in Sources */,
				52E99EE92CA1B3EA007E552C /* SchedulTableHeaderView.swift in Sources */,
				5259B0082C9C0E33006B2711 /* DatePickViewController.swift in Sources */,
				5211F9082C86F2DB00403980 /* ScheduleCollectionCell.swift in Sources */,
				524E33D12C804C7A004B15FC /* Validator.swift in Sources */,
				52B87E3A2C6B2D440026B601 /* UIFont+CustomFont.swift in Sources */,
				526FA3C92C65DE8500D2F2B5 /* Response+Ext.swift in Sources */,
				52CB41E22CA2F2910071679D /* DateManager.swift in Sources */,
				52CB0B452C730816002B6D20 /* NetworkConfig.swift in Sources */,
				52B6F63F2C77677700DA2D75 /* APIEndpoints.swift in Sources */,
				527A3E682C82C905007FE63B /* ProfileSetupMock.swift in Sources */,
				527A3E9B2C836290007FE63B /* ProfileViewController.swift in Sources */,
				529A26062C96A781009F4CFA /* ScheduleListReuseFooterView.swift in Sources */,
				527A3E992C836287007FE63B /* CalendarScheduleViewController.swift in Sources */,
				52E2382D2C745E960066C9A3 /* LoginSceneDIContainer.swift in Sources */,
				52E238252C7454230066C9A3 /* UserProfile.swift in Sources */,
				52C0F8BF2C9489DB0080CA65 /* CalendarViewController.swift in Sources */,
				5259B0182CA028C2006B2711 /* ScheduleView.swift in Sources */,
				5259B0162CA013A8006B2711 /* WeatherView.swift in Sources */,
				5211F9032C86E41900403980 /* ScheduleListCollectionViewController.swift in Sources */,
				526F45012C96000100C347C7 /* UIView+BounceAnimate.swift in Sources */,
				524E33DB2C80C1F4004B15FC /* ErrorResponseDTO.swift in Sources */,
				52C72E8A2C4FBD6400CFF329 /* AppDelegate.swift in Sources */,
				5236452D2C8EDCEF009E0784 /* BaseViewController.swift in Sources */,
				5211F90B2C87039F00403980 /* UIViewController+AddChild.swift in Sources */,
				527A3E6C2C82CA8F007FE63B /* UserLoginUseCaseMock.swift in Sources */,
				5236452B2C8EC5AD009E0784 /* NavigationBarExtendable.swift in Sources */,
				523645372C8FFE9F009E0784 /* FetchRecentScheduleMock.swift in Sources */,
				52E238372C76530D0066C9A3 /* LoginViewReacotr.swift in Sources */,
				527A3E7F2C834BEE007FE63B /* ProfileCoordinator.swift in Sources */,
				52E238482C7733320066C9A3 /* GroupRepository.swift in Sources */,
				5211F8F62C84234800403980 /* MainTabBarController.swift in Sources */,
				52C0F8BC2C9479C40080CA65 /* CustomCalendarCell.swift in Sources */,
				52E2382F2C74601D0066C9A3 /* AppleLoginService.swift in Sources */,
				527A3E9D2C83641F007FE63B /* GroupListSceneDIContainer.swift in Sources */,
				52B6F63B2C77655200DA2D75 /* LoginRepository.swift in Sources */,
				523645302C8EE518009E0784 /* BaseEmptyView.swift in Sources */,
				52C6521E2CA705BB0041E78C /* EmptyScheduleCell.swift in Sources */,
				528D27CD2C7B2D6F00178F14 /* ProfileSetupViewReactor.swift in Sources */,
				52CB41DE2CA2EC2B0071679D /* ScheduleTableSectionModel.swift in Sources */,
				52CB0B492C732186002B6D20 /* DataTransferService.swift in Sources */,
				527A3EA12C836435007FE63B /* ProfileSceneDIContainer.swift in Sources */,
				523645292C8E522A009E0784 /* IconLabelView.swift in Sources */,
				526FA3C72C65DE5800D2F2B5 /* KeyboardEvent.swift in Sources */,
				52E8E4502CA3F2AA007A5447 /* ObservableType+Pairwise.swift in Sources */,
				527A3E892C834E10007FE63B /* KeyChainServiceMock.swift in Sources */,
				527A3E8F2C836192007FE63B /* HomeViewController.swift in Sources */,
				5211F9152C89D56D00403980 /* UIView+Identifier.swift in Sources */,
				523645392C8FFF9F009E0784 /* FetchGroupListMock.swift in Sources */,
				527A3EA92C837B29007FE63B /* AppAppearance.swift in Sources */,
				5259B01F2CA03F96006B2711 /* CalendarViewReactor.swift in Sources */,
				52E238432C76E9B00066C9A3 /* AppFlowCoordinator.swift in Sources */,
				5236454B2C90B734009E0784 /* UIViewController+PreView.swift in Sources */,
				5207C9132CB3C16800BB27A6 /* FetchScheduleMock.swift in Sources */,
				52E238322C74BFB00066C9A3 /* UserLogin.swift in Sources */,
				52E99EE62CA1A5B6007E552C /* SimpleScheduleView.swift in Sources */,
				5211E8BC2C7C4DAF00EAB613 /* ProfileSetupRepository.swift in Sources */,
				524E33CF2C8028B3004B15FC /* Reactive+Ext.swift in Sources */,
				527A3E762C8324CE007FE63B /* HomeCoordinator.swift in Sources */,
				5259B00A2C9C5C81006B2711 /* CustomNavigationBar.swift in Sources */,
				527A3E722C8302AA007FE63B /* FetchRecentSchedule.swift in Sources */,
				52CB0B4B2C7321A7002B6D20 /* NetworkService.swift in Sources */,
				523645492C90B711009E0784 /* UIView+PreView.swift in Sources */,
				527A3E7B2C834BAD007FE63B /* GroupListCoordinator.swift in Sources */,
				523645332C8FFDEB009E0784 /* FetchGroup.swift in Sources */,
				52C7A4A82CAED102009DB5B9 /* CALayer+Ext.swift in Sources */,
				528484182C6B8CA100D50C6A /* AppDesign.swift in Sources */,
				527A3E9F2C83642C007FE63B /* CalendarSceneDIContainer.swift in Sources */,
				52CB0B472C7308A8002B6D20 /* Endpoint.swift in Sources */,
				5208051D2C69FE700015F6E0 /* ProfileSetupViewController.swift in Sources */,
				528D27C72C79F6B800178F14 /* PhotoManager.swift in Sources */,
				527A3E6A2C82C965007FE63B /* UserToken.swift in Sources */,
				52CB0B422C72AD23002B6D20 /* AppConfiguration.swift in Sources */,
				5211F9052C86E71500403980 /* ScheduleListViewReactor.swift in Sources */,
				5236453F2C900E12009E0784 /* GroupListCell.swift in Sources */,
				52E238212C743C0E0066C9A3 /* BaseTextField.swift in Sources */,
				52E8E4522CA44D4E007A5447 /* DateComponents+Comparable.swift in Sources */,
				523645352C8FFE5B009E0784 /* Schedule.swift in Sources */,
				5259B00D2C9FD316006B2711 /* ScheduleTableViewController.swift in Sources */,
				5259B0142C9FF32F006B2711 /* ThumbnailView.swift in Sources */,
				5211F90D2C87339300403980 /* UICollectionView+Snaping.swift in Sources */,
				527A3E972C83627C007FE63B /* GroupListViewController.swift in Sources */,
				527A3E7D2C834BC1007FE63B /* CalendarCoordinator.swift in Sources */,
				52E2382B2C7457DB0066C9A3 /* AppDIContainer.swift in Sources */,
				528484162C6B86F600D50C6A /* BaseButton.swift in Sources */,
				52E2381F2C7405820066C9A3 /* BaseLabel.swift in Sources */,
				5286C4D92C536BE50083F432 /* KeyChainService.swift in Sources */,
				5211F9132C89CEF800403980 /* ParticipantImageView.swift in Sources */,
				5207C9152CB3C21800BB27A6 /* FetchSchedule.swift in Sources */,
				52E2383C2C76E7DE0066C9A3 /* BaseCoordinator.swift in Sources */,
				5208051B2C69E2480015F6E0 /* UIColor+hexCode.swift in Sources */,
				523645432C901CF7009E0784 /* GroupListViewReactor.swift in Sources */,
				5211F9002C86B37B00403980 /* HomeButton.swift in Sources */,
				52FB36D62CB5E24D008563FF /* BaseLoadingOverlay.swift in Sources */,
				524E33D42C80508C004B15FC /* Alertable.swift in Sources */,
				527A3EA52C837034007FE63B /* MainSceneDIContainer.swift in Sources */,
				520805172C69E0770015F6E0 /* LoginViewController.swift in Sources */,
				527A3E8B2C83610F007FE63B /* HomeSceneDIContainer.swift in Sources */,
				52E2383F2C76E8C00066C9A3 /* LoginCoordinator.swift in Sources */,
				52C72E8C2C4FBD6400CFF329 /* SceneDelegate.swift in Sources */,
				527A3E792C834A12007FE63B /* TabBarCoordinator.swift in Sources */,
				5236453C2C900DA3009E0784 /* GroupListTableViewController.swift in Sources */,
				5211E8BE2C7C515500EAB613 /* ProfileSetup.swift in Sources */,
			);
			runOnlyForDeploymentPostprocessing = 0;
		};
/* End PBXSourcesBuildPhase section */

/* Begin PBXVariantGroup section */
		52C72E942C4FBD6500CFF329 /* LaunchScreen.storyboard */ = {
			isa = PBXVariantGroup;
			children = (
				52C72E952C4FBD6500CFF329 /* Base */,
			);
			name = LaunchScreen.storyboard;
			sourceTree = "<group>";
		};
/* End PBXVariantGroup section */

/* Begin XCBuildConfiguration section */
		52C72E982C4FBD6500CFF329 /* Debug */ = {
			isa = XCBuildConfiguration;
			buildSettings = {
				ALWAYS_SEARCH_USER_PATHS = NO;
				ASSETCATALOG_COMPILER_GENERATE_SWIFT_ASSET_SYMBOL_EXTENSIONS = YES;
				CLANG_ANALYZER_NONNULL = YES;
				CLANG_ANALYZER_NUMBER_OBJECT_CONVERSION = YES_AGGRESSIVE;
				CLANG_CXX_LANGUAGE_STANDARD = "gnu++20";
				CLANG_ENABLE_MODULES = YES;
				CLANG_ENABLE_OBJC_ARC = YES;
				CLANG_ENABLE_OBJC_WEAK = YES;
				CLANG_WARN_BLOCK_CAPTURE_AUTORELEASING = YES;
				CLANG_WARN_BOOL_CONVERSION = YES;
				CLANG_WARN_COMMA = YES;
				CLANG_WARN_CONSTANT_CONVERSION = YES;
				CLANG_WARN_DEPRECATED_OBJC_IMPLEMENTATIONS = YES;
				CLANG_WARN_DIRECT_OBJC_ISA_USAGE = YES_ERROR;
				CLANG_WARN_DOCUMENTATION_COMMENTS = YES;
				CLANG_WARN_EMPTY_BODY = YES;
				CLANG_WARN_ENUM_CONVERSION = YES;
				CLANG_WARN_INFINITE_RECURSION = YES;
				CLANG_WARN_INT_CONVERSION = YES;
				CLANG_WARN_NON_LITERAL_NULL_CONVERSION = YES;
				CLANG_WARN_OBJC_IMPLICIT_RETAIN_SELF = YES;
				CLANG_WARN_OBJC_LITERAL_CONVERSION = YES;
				CLANG_WARN_OBJC_ROOT_CLASS = YES_ERROR;
				CLANG_WARN_QUOTED_INCLUDE_IN_FRAMEWORK_HEADER = YES;
				CLANG_WARN_RANGE_LOOP_ANALYSIS = YES;
				CLANG_WARN_STRICT_PROTOTYPES = YES;
				CLANG_WARN_SUSPICIOUS_MOVE = YES;
				CLANG_WARN_UNGUARDED_AVAILABILITY = YES_AGGRESSIVE;
				CLANG_WARN_UNREACHABLE_CODE = YES;
				CLANG_WARN__DUPLICATE_METHOD_MATCH = YES;
				COPY_PHASE_STRIP = NO;
				DEBUG_INFORMATION_FORMAT = dwarf;
				ENABLE_STRICT_OBJC_MSGSEND = YES;
				ENABLE_TESTABILITY = YES;
				ENABLE_USER_SCRIPT_SANDBOXING = YES;
				GCC_C_LANGUAGE_STANDARD = gnu17;
				GCC_DYNAMIC_NO_PIC = NO;
				GCC_NO_COMMON_BLOCKS = YES;
				GCC_OPTIMIZATION_LEVEL = 0;
				GCC_PREPROCESSOR_DEFINITIONS = (
					"DEBUG=1",
					"$(inherited)",
				);
				GCC_WARN_64_TO_32_BIT_CONVERSION = YES;
				GCC_WARN_ABOUT_RETURN_TYPE = YES_ERROR;
				GCC_WARN_UNDECLARED_SELECTOR = YES;
				GCC_WARN_UNINITIALIZED_AUTOS = YES_AGGRESSIVE;
				GCC_WARN_UNUSED_FUNCTION = YES;
				GCC_WARN_UNUSED_VARIABLE = YES;
				IPHONEOS_DEPLOYMENT_TARGET = 15.6;
				LOCALIZATION_PREFERS_STRING_CATALOGS = YES;
				MTL_ENABLE_DEBUG_INFO = INCLUDE_SOURCE;
				MTL_FAST_MATH = YES;
				ONLY_ACTIVE_ARCH = YES;
				SDKROOT = iphoneos;
				SWIFT_ACTIVE_COMPILATION_CONDITIONS = "DEBUG $(inherited)";
				SWIFT_OPTIMIZATION_LEVEL = "-Onone";
			};
			name = Debug;
		};
		52C72E992C4FBD6500CFF329 /* Release */ = {
			isa = XCBuildConfiguration;
			buildSettings = {
				ALWAYS_SEARCH_USER_PATHS = NO;
				ASSETCATALOG_COMPILER_GENERATE_SWIFT_ASSET_SYMBOL_EXTENSIONS = YES;
				CLANG_ANALYZER_NONNULL = YES;
				CLANG_ANALYZER_NUMBER_OBJECT_CONVERSION = YES_AGGRESSIVE;
				CLANG_CXX_LANGUAGE_STANDARD = "gnu++20";
				CLANG_ENABLE_MODULES = YES;
				CLANG_ENABLE_OBJC_ARC = YES;
				CLANG_ENABLE_OBJC_WEAK = YES;
				CLANG_WARN_BLOCK_CAPTURE_AUTORELEASING = YES;
				CLANG_WARN_BOOL_CONVERSION = YES;
				CLANG_WARN_COMMA = YES;
				CLANG_WARN_CONSTANT_CONVERSION = YES;
				CLANG_WARN_DEPRECATED_OBJC_IMPLEMENTATIONS = YES;
				CLANG_WARN_DIRECT_OBJC_ISA_USAGE = YES_ERROR;
				CLANG_WARN_DOCUMENTATION_COMMENTS = YES;
				CLANG_WARN_EMPTY_BODY = YES;
				CLANG_WARN_ENUM_CONVERSION = YES;
				CLANG_WARN_INFINITE_RECURSION = YES;
				CLANG_WARN_INT_CONVERSION = YES;
				CLANG_WARN_NON_LITERAL_NULL_CONVERSION = YES;
				CLANG_WARN_OBJC_IMPLICIT_RETAIN_SELF = YES;
				CLANG_WARN_OBJC_LITERAL_CONVERSION = YES;
				CLANG_WARN_OBJC_ROOT_CLASS = YES_ERROR;
				CLANG_WARN_QUOTED_INCLUDE_IN_FRAMEWORK_HEADER = YES;
				CLANG_WARN_RANGE_LOOP_ANALYSIS = YES;
				CLANG_WARN_STRICT_PROTOTYPES = YES;
				CLANG_WARN_SUSPICIOUS_MOVE = YES;
				CLANG_WARN_UNGUARDED_AVAILABILITY = YES_AGGRESSIVE;
				CLANG_WARN_UNREACHABLE_CODE = YES;
				CLANG_WARN__DUPLICATE_METHOD_MATCH = YES;
				COPY_PHASE_STRIP = NO;
				DEBUG_INFORMATION_FORMAT = "dwarf-with-dsym";
				ENABLE_NS_ASSERTIONS = NO;
				ENABLE_STRICT_OBJC_MSGSEND = YES;
				ENABLE_USER_SCRIPT_SANDBOXING = YES;
				GCC_C_LANGUAGE_STANDARD = gnu17;
				GCC_NO_COMMON_BLOCKS = YES;
				GCC_WARN_64_TO_32_BIT_CONVERSION = YES;
				GCC_WARN_ABOUT_RETURN_TYPE = YES_ERROR;
				GCC_WARN_UNDECLARED_SELECTOR = YES;
				GCC_WARN_UNINITIALIZED_AUTOS = YES_AGGRESSIVE;
				GCC_WARN_UNUSED_FUNCTION = YES;
				GCC_WARN_UNUSED_VARIABLE = YES;
				IPHONEOS_DEPLOYMENT_TARGET = 15.6;
				LOCALIZATION_PREFERS_STRING_CATALOGS = YES;
				MTL_ENABLE_DEBUG_INFO = NO;
				MTL_FAST_MATH = YES;
				SDKROOT = iphoneos;
				SWIFT_COMPILATION_MODE = wholemodule;
				VALIDATE_PRODUCT = YES;
			};
			name = Release;
		};
		52C72E9B2C4FBD6500CFF329 /* Debug */ = {
			isa = XCBuildConfiguration;
			buildSettings = {
				API_BASE_URL = "https://group.ugsm.co.kr";
				ASSETCATALOG_COMPILER_APPICON_NAME = AppIcon;
				ASSETCATALOG_COMPILER_GLOBAL_ACCENT_COLOR_NAME = AccentColor;
				CODE_SIGN_ENTITLEMENTS = Group/Group.entitlements;
				"CODE_SIGN_IDENTITY[sdk=iphoneos*]" = "iPhone Developer";
				CODE_SIGN_STYLE = Manual;
				CURRENT_PROJECT_VERSION = 1;
				DEVELOPMENT_TEAM = "";
				"DEVELOPMENT_TEAM[sdk=iphoneos*]" = LNXWGGBBH6;
				GENERATE_INFOPLIST_FILE = YES;
				INFOPLIST_FILE = Group/Info.plist;
				INFOPLIST_KEY_NSCameraUsageDescription = "카메라 접근";
				INFOPLIST_KEY_NSPhotoLibraryUsageDescription = "사진첩 접근";
				INFOPLIST_KEY_UIApplicationSupportsIndirectInputEvents = YES;
				INFOPLIST_KEY_UILaunchStoryboardName = LaunchScreen;
				INFOPLIST_KEY_UISupportedInterfaceOrientations_iPad = "UIInterfaceOrientationPortrait UIInterfaceOrientationPortraitUpsideDown UIInterfaceOrientationLandscapeLeft UIInterfaceOrientationLandscapeRight";
				INFOPLIST_KEY_UISupportedInterfaceOrientations_iPhone = "UIInterfaceOrientationPortrait UIInterfaceOrientationLandscapeLeft UIInterfaceOrientationLandscapeRight";
				IPHONEOS_DEPLOYMENT_TARGET = 15.0;
				LD_RUNPATH_SEARCH_PATHS = (
					"$(inherited)",
					"@executable_path/Frameworks",
				);
				MARKETING_VERSION = 1.0;
				PRODUCT_BUNDLE_IDENTIFIER = com.SideProject.Group;
				PRODUCT_NAME = "$(TARGET_NAME)";
				PROVISIONING_PROFILE_SPECIFIER = "";
				"PROVISIONING_PROFILE_SPECIFIER[sdk=iphoneos*]" = Group_App_Test;
				SUPPORTED_PLATFORMS = "iphoneos iphonesimulator";
				SUPPORTS_MACCATALYST = NO;
				SUPPORTS_MAC_DESIGNED_FOR_IPHONE_IPAD = NO;
				SUPPORTS_XR_DESIGNED_FOR_IPHONE_IPAD = NO;
				SWIFT_EMIT_LOC_STRINGS = YES;
				SWIFT_VERSION = 5.0;
				TARGETED_DEVICE_FAMILY = 1;
			};
			name = Debug;
		};
		52C72E9C2C4FBD6500CFF329 /* Release */ = {
			isa = XCBuildConfiguration;
			buildSettings = {
				API_BASE_URL = "https://group.ugsm.co.kr";
				ASSETCATALOG_COMPILER_APPICON_NAME = AppIcon;
				ASSETCATALOG_COMPILER_GLOBAL_ACCENT_COLOR_NAME = AccentColor;
				CODE_SIGN_ENTITLEMENTS = Group/Group.entitlements;
				"CODE_SIGN_IDENTITY[sdk=iphoneos*]" = "iPhone Developer";
				CODE_SIGN_STYLE = Manual;
				CURRENT_PROJECT_VERSION = 1;
				DEVELOPMENT_TEAM = "";
				"DEVELOPMENT_TEAM[sdk=iphoneos*]" = LNXWGGBBH6;
				GENERATE_INFOPLIST_FILE = YES;
				INFOPLIST_FILE = Group/Info.plist;
				INFOPLIST_KEY_NSCameraUsageDescription = "카메라 접근";
				INFOPLIST_KEY_NSPhotoLibraryUsageDescription = "사진첩 접근";
				INFOPLIST_KEY_UIApplicationSupportsIndirectInputEvents = YES;
				INFOPLIST_KEY_UILaunchStoryboardName = LaunchScreen;
				INFOPLIST_KEY_UISupportedInterfaceOrientations_iPad = "UIInterfaceOrientationPortrait UIInterfaceOrientationPortraitUpsideDown UIInterfaceOrientationLandscapeLeft UIInterfaceOrientationLandscapeRight";
				INFOPLIST_KEY_UISupportedInterfaceOrientations_iPhone = "UIInterfaceOrientationPortrait UIInterfaceOrientationLandscapeLeft UIInterfaceOrientationLandscapeRight";
				IPHONEOS_DEPLOYMENT_TARGET = 15.0;
				LD_RUNPATH_SEARCH_PATHS = (
					"$(inherited)",
					"@executable_path/Frameworks",
				);
				MARKETING_VERSION = 1.0;
				PRODUCT_BUNDLE_IDENTIFIER = com.SideProject.Group;
				PRODUCT_NAME = "$(TARGET_NAME)";
				PROVISIONING_PROFILE_SPECIFIER = "";
				"PROVISIONING_PROFILE_SPECIFIER[sdk=iphoneos*]" = Group_App_Test;
				SUPPORTED_PLATFORMS = "iphoneos iphonesimulator";
				SUPPORTS_MACCATALYST = NO;
				SUPPORTS_MAC_DESIGNED_FOR_IPHONE_IPAD = NO;
				SUPPORTS_XR_DESIGNED_FOR_IPHONE_IPAD = NO;
				SWIFT_EMIT_LOC_STRINGS = YES;
				SWIFT_VERSION = 5.0;
				TARGETED_DEVICE_FAMILY = 1;
			};
			name = Release;
		};
/* End XCBuildConfiguration section */

/* Begin XCConfigurationList section */
		52C72E812C4FBD6400CFF329 /* Build configuration list for PBXProject "Group" */ = {
			isa = XCConfigurationList;
			buildConfigurations = (
				52C72E982C4FBD6500CFF329 /* Debug */,
				52C72E992C4FBD6500CFF329 /* Release */,
			);
			defaultConfigurationIsVisible = 0;
			defaultConfigurationName = Release;
		};
		52C72E9A2C4FBD6500CFF329 /* Build configuration list for PBXNativeTarget "Group" */ = {
			isa = XCConfigurationList;
			buildConfigurations = (
				52C72E9B2C4FBD6500CFF329 /* Debug */,
				52C72E9C2C4FBD6500CFF329 /* Release */,
			);
			defaultConfigurationIsVisible = 0;
			defaultConfigurationName = Release;
		};
/* End XCConfigurationList section */

/* Begin XCRemoteSwiftPackageReference section */
		5211F9182C89E39600403980 /* XCRemoteSwiftPackageReference "Kingfisher" */ = {
			isa = XCRemoteSwiftPackageReference;
			repositoryURL = "https://github.com/onevcat/Kingfisher.git";
			requirement = {
				kind = upToNextMajorVersion;
				minimumVersion = 7.12.0;
			};
		};
		524A50C72C68735000862AD6 /* XCRemoteSwiftPackageReference "MultipartForm" */ = {
			isa = XCRemoteSwiftPackageReference;
			repositoryURL = "https://github.com/davbeck/MultipartForm";
			requirement = {
				kind = upToNextMajorVersion;
				minimumVersion = 0.1.0;
			};
		};
		525AA90A2C915C6D0087913F /* XCRemoteSwiftPackageReference "FSCalendar" */ = {
			isa = XCRemoteSwiftPackageReference;
			repositoryURL = "https://github.com/WenchaoD/FSCalendar.git";
			requirement = {
				kind = upToNextMajorVersion;
				minimumVersion = 2.8.4;
			};
		};
		529A26082C96AE3E009F4CFA /* XCRemoteSwiftPackageReference "RxDataSources" */ = {
			isa = XCRemoteSwiftPackageReference;
			repositoryURL = "https://github.com/RxSwiftCommunity/RxDataSources.git";
			requirement = {
				kind = upToNextMajorVersion;
				minimumVersion = 5.0.2;
			};
		};
		52C72E9D2C4FBE4100CFF329 /* XCRemoteSwiftPackageReference "RxSwift" */ = {
			isa = XCRemoteSwiftPackageReference;
			repositoryURL = "https://github.com/ReactiveX/RxSwift.git";
			requirement = {
				kind = upToNextMajorVersion;
				minimumVersion = 6.7.1;
			};
		};
		52C72EA42C4FBE5900CFF329 /* XCRemoteSwiftPackageReference "SnapKit" */ = {
			isa = XCRemoteSwiftPackageReference;
			repositoryURL = "https://github.com/SnapKit/SnapKit.git";
			requirement = {
				kind = upToNextMajorVersion;
				minimumVersion = 5.7.1;
			};
		};
		52E238382C765A2D0066C9A3 /* XCRemoteSwiftPackageReference "ReactorKit" */ = {
			isa = XCRemoteSwiftPackageReference;
			repositoryURL = "https://github.com/ReactorKit/ReactorKit.git";
			requirement = {
				kind = upToNextMajorVersion;
				minimumVersion = 3.2.0;
			};
		};
/* End XCRemoteSwiftPackageReference section */

/* Begin XCSwiftPackageProductDependency section */
		5211F9192C89E39600403980 /* Kingfisher */ = {
			isa = XCSwiftPackageProductDependency;
			package = 5211F9182C89E39600403980 /* XCRemoteSwiftPackageReference "Kingfisher" */;
			productName = Kingfisher;
		};
		524A50C82C68735000862AD6 /* MultipartForm */ = {
			isa = XCSwiftPackageProductDependency;
			package = 524A50C72C68735000862AD6 /* XCRemoteSwiftPackageReference "MultipartForm" */;
			productName = MultipartForm;
		};
		525AA90B2C915C6D0087913F /* FSCalendar */ = {
			isa = XCSwiftPackageProductDependency;
			package = 525AA90A2C915C6D0087913F /* XCRemoteSwiftPackageReference "FSCalendar" */;
			productName = FSCalendar;
		};
		529A26092C96AE3E009F4CFA /* Differentiator */ = {
			isa = XCSwiftPackageProductDependency;
			package = 529A26082C96AE3E009F4CFA /* XCRemoteSwiftPackageReference "RxDataSources" */;
			productName = Differentiator;
		};
		529A260B2C96AE3E009F4CFA /* RxDataSources */ = {
			isa = XCSwiftPackageProductDependency;
			package = 529A26082C96AE3E009F4CFA /* XCRemoteSwiftPackageReference "RxDataSources" */;
			productName = RxDataSources;
		};
		52C72E9E2C4FBE4100CFF329 /* RxCocoa */ = {
			isa = XCSwiftPackageProductDependency;
			package = 52C72E9D2C4FBE4100CFF329 /* XCRemoteSwiftPackageReference "RxSwift" */;
			productName = RxCocoa;
		};
		52C72EA02C4FBE4100CFF329 /* RxRelay */ = {
			isa = XCSwiftPackageProductDependency;
			package = 52C72E9D2C4FBE4100CFF329 /* XCRemoteSwiftPackageReference "RxSwift" */;
			productName = RxRelay;
		};
		52C72EA22C4FBE4100CFF329 /* RxSwift */ = {
			isa = XCSwiftPackageProductDependency;
			package = 52C72E9D2C4FBE4100CFF329 /* XCRemoteSwiftPackageReference "RxSwift" */;
			productName = RxSwift;
		};
		52C72EA52C4FBE5900CFF329 /* SnapKit */ = {
			isa = XCSwiftPackageProductDependency;
			package = 52C72EA42C4FBE5900CFF329 /* XCRemoteSwiftPackageReference "SnapKit" */;
			productName = SnapKit;
		};
		52E238392C765A2D0066C9A3 /* ReactorKit */ = {
			isa = XCSwiftPackageProductDependency;
			package = 52E238382C765A2D0066C9A3 /* XCRemoteSwiftPackageReference "ReactorKit" */;
			productName = ReactorKit;
		};
/* End XCSwiftPackageProductDependency section */
	};
	rootObject = 52C72E7E2C4FBD6400CFF329 /* Project object */;
}
